// !$*UTF8*$!
{
	archiveVersion = 1;
	classes = {
	};
	objectVersion = 51;
	objects = {

/* Begin PBXBuildFile section */
		71B2620C4A9A5D7003AB5653 /* libPods-GitManager.a in Frameworks */ = {isa = PBXBuildFile; fileRef = ABBBC25C49142E37B754330D /* libPods-GitManager.a */; };
		8419EAA12356163B0033B5B2 /* AppDelegate.swift in Sources */ = {isa = PBXBuildFile; fileRef = 8419EAA02356163B0033B5B2 /* AppDelegate.swift */; };
		8419EAAA2356163D0033B5B2 /* Assets.xcassets in Resources */ = {isa = PBXBuildFile; fileRef = 8419EAA92356163D0033B5B2 /* Assets.xcassets */; };
		8419EAAD2356163D0033B5B2 /* LaunchScreen.storyboard in Resources */ = {isa = PBXBuildFile; fileRef = 8419EAAB2356163D0033B5B2 /* LaunchScreen.storyboard */; };
		8419EAB82356163D0033B5B2 /* GitManagerTests.swift in Sources */ = {isa = PBXBuildFile; fileRef = 8419EAB72356163D0033B5B2 /* GitManagerTests.swift */; };
		8419EAC32356163E0033B5B2 /* GitManagerUITests.swift in Sources */ = {isa = PBXBuildFile; fileRef = 8419EAC22356163E0033B5B2 /* GitManagerUITests.swift */; };
		8419EAD1235617330033B5B2 /* libAlamofire.a in Frameworks */ = {isa = PBXBuildFile; fileRef = 8419EAD0235617330033B5B2 /* libAlamofire.a */; };
		8419EAD8235620050033B5B2 /* Repository.swift in Sources */ = {isa = PBXBuildFile; fileRef = 8419EAD7235620050033B5B2 /* Repository.swift */; };
		843C0A2C2368771900774F91 /* ReposPageInteractor.swift in Sources */ = {isa = PBXBuildFile; fileRef = 843C0A2B2368771900774F91 /* ReposPageInteractor.swift */; };
		843C0A2E236877CB00774F91 /* ReposPagePresenter.swift in Sources */ = {isa = PBXBuildFile; fileRef = 843C0A2D236877CB00774F91 /* ReposPagePresenter.swift */; };
		843C0A302368780D00774F91 /* ReposPageViewController.swift in Sources */ = {isa = PBXBuildFile; fileRef = 843C0A2F2368780D00774F91 /* ReposPageViewController.swift */; };
		843C0A3223689DA600774F91 /* AddictionalInformationStack.swift in Sources */ = {isa = PBXBuildFile; fileRef = 843C0A3123689DA600774F91 /* AddictionalInformationStack.swift */; };
		843C1AA6236AFFCF00F2D4DD /* StringToBase64.swift in Sources */ = {isa = PBXBuildFile; fileRef = 843C1AA5236AFFCF00F2D4DD /* StringToBase64.swift */; };
		843C688723A10F6F001EE3EF /* UIViewConstraints.swift in Sources */ = {isa = PBXBuildFile; fileRef = 843C688623A10F6F001EE3EF /* UIViewConstraints.swift */; };
		843C82672363026B00469428 /* KeychainServiceProtocol.swift in Sources */ = {isa = PBXBuildFile; fileRef = 843C82662363026B00469428 /* KeychainServiceProtocol.swift */; };
		843C82692363037200469428 /* KeychainService.swift in Sources */ = {isa = PBXBuildFile; fileRef = 843C82682363037200469428 /* KeychainService.swift */; };
		843CDA0D237ECD0200B61E3F /* SearchFooterButton.swift in Sources */ = {isa = PBXBuildFile; fileRef = 843CDA0C237ECD0200B61E3F /* SearchFooterButton.swift */; };
		843D05DB235F43BB00E88B58 /* RepositoryTableViewCell.swift in Sources */ = {isa = PBXBuildFile; fileRef = 843D05DA235F43BB00E88B58 /* RepositoryTableViewCell.swift */; };
		843D05E0235F531800E88B58 /* AuthenticationViewController.swift in Sources */ = {isa = PBXBuildFile; fileRef = 843D05DF235F531800E88B58 /* AuthenticationViewController.swift */; };
		843D05E3235F53A000E88B58 /* AuthenticationPresenter.swift in Sources */ = {isa = PBXBuildFile; fileRef = 843D05E2235F53A000E88B58 /* AuthenticationPresenter.swift */; };
		843D05E6235F54D600E88B58 /* AuthenticationInteractor.swift in Sources */ = {isa = PBXBuildFile; fileRef = 843D05E5235F54D600E88B58 /* AuthenticationInteractor.swift */; };
		843D16E92359FF7200AEB3F9 /* GitUser.swift in Sources */ = {isa = PBXBuildFile; fileRef = 843D16E82359FF7200AEB3F9 /* GitUser.swift */; };
		843D66B023618C6300AC8694 /* GitHubApiServiceProtocol.swift in Sources */ = {isa = PBXBuildFile; fileRef = 843D66AF23618C6300AC8694 /* GitHubApiServiceProtocol.swift */; };
		843D66B2236196BE00AC8694 /* AuthenticationProtocols.swift in Sources */ = {isa = PBXBuildFile; fileRef = 843D66B1236196BE00AC8694 /* AuthenticationProtocols.swift */; };
		843D66B42361ADC400AC8694 /* AuthenticationRouter.swift in Sources */ = {isa = PBXBuildFile; fileRef = 843D66B32361ADC400AC8694 /* AuthenticationRouter.swift */; };
		843DDF422397F23C00603AF8 /* LoadingCheckManagerProtocol.swift in Sources */ = {isa = PBXBuildFile; fileRef = 843DDF412397F23C00603AF8 /* LoadingCheckManagerProtocol.swift */; };
		843DDF442397F4F200603AF8 /* LoadingCheckManager.swift in Sources */ = {isa = PBXBuildFile; fileRef = 843DDF432397F4F200603AF8 /* LoadingCheckManager.swift */; };
		843DDF472397FAE900603AF8 /* LoadingViewProtocol.swift in Sources */ = {isa = PBXBuildFile; fileRef = 843DDF462397FAE900603AF8 /* LoadingViewProtocol.swift */; };
		843DDF492397FD8900603AF8 /* LoadingView.swift in Sources */ = {isa = PBXBuildFile; fileRef = 843DDF482397FD8900603AF8 /* LoadingView.swift */; };
		843DE614237DA90500CC75A5 /* ReposSearchProtocols.swift in Sources */ = {isa = PBXBuildFile; fileRef = 843DE613237DA90500CC75A5 /* ReposSearchProtocols.swift */; };
		843DE616237DA98500CC75A5 /* ReposSearchInteractor.swift in Sources */ = {isa = PBXBuildFile; fileRef = 843DE615237DA98500CC75A5 /* ReposSearchInteractor.swift */; };
		843DE618237DA9E400CC75A5 /* ReposSearchPresenter.swift in Sources */ = {isa = PBXBuildFile; fileRef = 843DE617237DA9E400CC75A5 /* ReposSearchPresenter.swift */; };
		843DE61A237DAA2700CC75A5 /* ReposSearchViewController.swift in Sources */ = {isa = PBXBuildFile; fileRef = 843DE619237DAA2700CC75A5 /* ReposSearchViewController.swift */; };
		843DE61C237DAA5D00CC75A5 /* ReposSearchRouter.swift in Sources */ = {isa = PBXBuildFile; fileRef = 843DE61B237DAA5D00CC75A5 /* ReposSearchRouter.swift */; };
		843E2A1F2375B19D00379F0A /* ReposTableViewerProtocols.swift in Sources */ = {isa = PBXBuildFile; fileRef = 843E2A1E2375B19D00379F0A /* ReposTableViewerProtocols.swift */; };
		843E2A212375B4D100379F0A /* ReposTableViewer.swift in Sources */ = {isa = PBXBuildFile; fileRef = 843E2A202375B4D100379F0A /* ReposTableViewer.swift */; };
		843E2A2A2375CA0700379F0A /* TabBarCreator.swift in Sources */ = {isa = PBXBuildFile; fileRef = 843E2A292375CA0700379F0A /* TabBarCreator.swift */; };
		843E2A352375D14B00379F0A /* ReposListStarredProtocols.swift in Sources */ = {isa = PBXBuildFile; fileRef = 843E2A342375D14B00379F0A /* ReposListStarredProtocols.swift */; };
		843E2A372375D1DE00379F0A /* ReposListStarredRouter.swift in Sources */ = {isa = PBXBuildFile; fileRef = 843E2A362375D1DE00379F0A /* ReposListStarredRouter.swift */; };
		843E2A392375D24B00379F0A /* ReposListStarredInteractor.swift in Sources */ = {isa = PBXBuildFile; fileRef = 843E2A382375D24B00379F0A /* ReposListStarredInteractor.swift */; };
		843E2A3B2375D29C00379F0A /* ReposListStarredPresenter.swift in Sources */ = {isa = PBXBuildFile; fileRef = 843E2A3A2375D29C00379F0A /* ReposListStarredPresenter.swift */; };
		843E2A3D2375D2EF00379F0A /* ReposListStarredViewController.swift in Sources */ = {isa = PBXBuildFile; fileRef = 843E2A3C2375D2EF00379F0A /* ReposListStarredViewController.swift */; };
		843EA14D23575040008A3E0E /* ReposListInteractor.swift in Sources */ = {isa = PBXBuildFile; fileRef = 843EA14C23575040008A3E0E /* ReposListInteractor.swift */; };
		843EA14F235750D1008A3E0E /* ReposListProtocols.swift in Sources */ = {isa = PBXBuildFile; fileRef = 843EA14E235750D1008A3E0E /* ReposListProtocols.swift */; };
		843EA151235756FA008A3E0E /* ReposListPresenter.swift in Sources */ = {isa = PBXBuildFile; fileRef = 843EA150235756FA008A3E0E /* ReposListPresenter.swift */; };
		843EA15323575D5B008A3E0E /* ReposListRouter.swift in Sources */ = {isa = PBXBuildFile; fileRef = 843EA15223575D5B008A3E0E /* ReposListRouter.swift */; };
		843ECB1123AFC2BC00BB6C54 /* NoContentViewProtocol.swift in Sources */ = {isa = PBXBuildFile; fileRef = 843ECB1023AFC2BC00BB6C54 /* NoContentViewProtocol.swift */; };
		843ECB1323AFC79300BB6C54 /* NoContentView.swift in Sources */ = {isa = PBXBuildFile; fileRef = 843ECB1223AFC79300BB6C54 /* NoContentView.swift */; };
		843EE002237AFA78003E0C5B /* SearchController.swift in Sources */ = {isa = PBXBuildFile; fileRef = 843EE001237AFA78003E0C5B /* SearchController.swift */; };
		843EE004237AFB49003E0C5B /* SearchControllerProtocol.swift in Sources */ = {isa = PBXBuildFile; fileRef = 843EE003237AFB49003E0C5B /* SearchControllerProtocol.swift */; };
		843F32882366F28800AFB40F /* ProfileEditorProtocols.swift in Sources */ = {isa = PBXBuildFile; fileRef = 843F32872366F28800AFB40F /* ProfileEditorProtocols.swift */; };
		843F328E2366F52A00AFB40F /* ProfileEditorRouter.swift in Sources */ = {isa = PBXBuildFile; fileRef = 843F328D2366F52A00AFB40F /* ProfileEditorRouter.swift */; };
		843F32902366FB3C00AFB40F /* ProfileEditorInteractor.swift in Sources */ = {isa = PBXBuildFile; fileRef = 843F328F2366FB3C00AFB40F /* ProfileEditorInteractor.swift */; };
		843F32922366FC0F00AFB40F /* ProfileEditorPresenter.swift in Sources */ = {isa = PBXBuildFile; fileRef = 843F32912366FC0F00AFB40F /* ProfileEditorPresenter.swift */; };
		843F3294236701A900AFB40F /* ProfileEditorViewController.swift in Sources */ = {isa = PBXBuildFile; fileRef = 843F3293236701A900AFB40F /* ProfileEditorViewController.swift */; };
		843F3296236703D100AFB40F /* ProfileEditorStackView.swift in Sources */ = {isa = PBXBuildFile; fileRef = 843F3295236703D100AFB40F /* ProfileEditorStackView.swift */; };
		843F329A23672ADF00AFB40F /* ReposPageProtocols.swift in Sources */ = {isa = PBXBuildFile; fileRef = 843F329923672ADF00AFB40F /* ReposPageProtocols.swift */; };
		843F329C2367423300AFB40F /* UrlImageGetter.swift in Sources */ = {isa = PBXBuildFile; fileRef = 843F329B2367423300AFB40F /* UrlImageGetter.swift */; };
		843F32A2236747A500AFB40F /* ReposPageRouter.swift in Sources */ = {isa = PBXBuildFile; fileRef = 843F32A1236747A500AFB40F /* ReposPageRouter.swift */; };
		843F3B65237304B900F74B8D /* ClearUIStackViewArrangedSubviews.swift in Sources */ = {isa = PBXBuildFile; fileRef = 843F3B64237304B900F74B8D /* ClearUIStackViewArrangedSubviews.swift */; };
		843F3B682373286600F74B8D /* Colors.swift in Sources */ = {isa = PBXBuildFile; fileRef = 843F3B672373286600F74B8D /* Colors.swift */; };
		843F3B6A23732DC200F74B8D /* Designer.swift in Sources */ = {isa = PBXBuildFile; fileRef = 843F3B6923732DC200F74B8D /* Designer.swift */; };
		843FFC4D238BFD2900AE04B1 /* FiltrationManager.swift in Sources */ = {isa = PBXBuildFile; fileRef = 843FFC4C238BFD2900AE04B1 /* FiltrationManager.swift */; };
		843FFC4F238BFDD100AE04B1 /* FiltrationManagerProtocol.swift in Sources */ = {isa = PBXBuildFile; fileRef = 843FFC4E238BFDD100AE04B1 /* FiltrationManagerProtocol.swift */; };
		843FFC51238BFEAB00AE04B1 /* FiltersView.swift in Sources */ = {isa = PBXBuildFile; fileRef = 843FFC50238BFEAB00AE04B1 /* FiltersView.swift */; };
		843FFC53238BFED000AE04B1 /* FiltersViewProtocol.swift in Sources */ = {isa = PBXBuildFile; fileRef = 843FFC52238BFED000AE04B1 /* FiltersViewProtocol.swift */; };
		8440BC452379398900EACA51 /* StarredRepositoryServiceProtocol.swift in Sources */ = {isa = PBXBuildFile; fileRef = 8440BC442379398900EACA51 /* StarredRepositoryServiceProtocol.swift */; };
		8440BC4923793E1200EACA51 /* StarredRepositoryService.swift in Sources */ = {isa = PBXBuildFile; fileRef = 8440BC4823793E1200EACA51 /* StarredRepositoryService.swift */; };
		8440BC4B2379872000EACA51 /* AppConfig.swift in Sources */ = {isa = PBXBuildFile; fileRef = 8440BC4A2379872000EACA51 /* AppConfig.swift */; };
		8441F72B23A77EBA00177F16 /* libMarkdownView.a in Frameworks */ = {isa = PBXBuildFile; fileRef = 8441F72A23A77EBA00177F16 /* libMarkdownView.a */; };
		84430A2323950F78007217D6 /* SubstringSearching.swift in Sources */ = {isa = PBXBuildFile; fileRef = 84430A2223950F78007217D6 /* SubstringSearching.swift */; };
		84430A2623952AF6007217D6 /* FileParserProtocol.swift in Sources */ = {isa = PBXBuildFile; fileRef = 84430A2523952AF6007217D6 /* FileParserProtocol.swift */; };
		84430A2823952B99007217D6 /* GitHubFileParser.swift in Sources */ = {isa = PBXBuildFile; fileRef = 84430A2723952B99007217D6 /* GitHubFileParser.swift */; };
		8444A1D72390258400D5037B /* GitHubApiService.swift in Sources */ = {isa = PBXBuildFile; fileRef = 8444A1D62390258400D5037B /* GitHubApiService.swift */; };
		84457ED82361E8B2005C2549 /* ScreensRouter.swift in Sources */ = {isa = PBXBuildFile; fileRef = 84457ED72361E8B2005C2549 /* ScreensRouter.swift */; };
		84457EDC2361EE8F005C2549 /* DependentRouterProtocol.swift in Sources */ = {isa = PBXBuildFile; fileRef = 84457EDB2361EE8F005C2549 /* DependentRouterProtocol.swift */; };
		84457EDE2361F3BD005C2549 /* ScreensRouterProtocol.swift in Sources */ = {isa = PBXBuildFile; fileRef = 84457EDD2361F3BD005C2549 /* ScreensRouterProtocol.swift */; };
		8445FC992462BF4200FA30F4 /* FileViewerPresenter.swift in Sources */ = {isa = PBXBuildFile; fileRef = 8445FC8F2462BF4200FA30F4 /* FileViewerPresenter.swift */; };
		8445FC9A2462BF4200FA30F4 /* FileViewerView.swift in Sources */ = {isa = PBXBuildFile; fileRef = 8445FC912462BF4200FA30F4 /* FileViewerView.swift */; };
		8445FC9B2462BF4200FA30F4 /* FileViewerViewController.swift in Sources */ = {isa = PBXBuildFile; fileRef = 8445FC922462BF4200FA30F4 /* FileViewerViewController.swift */; };
		8445FC9C2462BF4200FA30F4 /* FileViewerProtocols.swift in Sources */ = {isa = PBXBuildFile; fileRef = 8445FC942462BF4200FA30F4 /* FileViewerProtocols.swift */; };
		8445FC9D2462BF4200FA30F4 /* FileViewerInteractor.swift in Sources */ = {isa = PBXBuildFile; fileRef = 8445FC962462BF4200FA30F4 /* FileViewerInteractor.swift */; };
		8445FC9E2462BF4200FA30F4 /* FileViewerRouter.swift in Sources */ = {isa = PBXBuildFile; fileRef = 8445FC982462BF4200FA30F4 /* FileViewerRouter.swift */; };
		84476759239A6B6500EE93B1 /* ReposListViewController.swift in Sources */ = {isa = PBXBuildFile; fileRef = 84476758239A6B6500EE93B1 /* ReposListViewController.swift */; };
		8447675B239A747F00EE93B1 /* Issue.swift in Sources */ = {isa = PBXBuildFile; fileRef = 8447675A239A747F00EE93B1 /* Issue.swift */; };
		84476765239A95AC00EE93B1 /* IssuesListProtocols.swift in Sources */ = {isa = PBXBuildFile; fileRef = 84476764239A95AC00EE93B1 /* IssuesListProtocols.swift */; };
		84476767239AA13600EE93B1 /* IssuesListViewController.swift in Sources */ = {isa = PBXBuildFile; fileRef = 84476766239AA13600EE93B1 /* IssuesListViewController.swift */; };
		84476769239AA15000EE93B1 /* IssuesListPresenter.swift in Sources */ = {isa = PBXBuildFile; fileRef = 84476768239AA15000EE93B1 /* IssuesListPresenter.swift */; };
		8447676D239AA17100EE93B1 /* IssuesListRouter.swift in Sources */ = {isa = PBXBuildFile; fileRef = 8447676C239AA17100EE93B1 /* IssuesListRouter.swift */; };
		84481AFE238EB42A00DFE6AD /* UIStackViewBackground.swift in Sources */ = {isa = PBXBuildFile; fileRef = 84481AFD238EB42A00DFE6AD /* UIStackViewBackground.swift */; };
		844C22FE245E49CB0003B3B3 /* Directory.swift in Sources */ = {isa = PBXBuildFile; fileRef = 844C22FD245E49CB0003B3B3 /* Directory.swift */; };
		844D51FD2461CD57002CADB7 /* UIViewController+alert.swift in Sources */ = {isa = PBXBuildFile; fileRef = 844D51FC2461CD56002CADB7 /* UIViewController+alert.swift */; };
		844D52032461E71A002CADB7 /* UIViewController+setTitle.swift in Sources */ = {isa = PBXBuildFile; fileRef = 844D52022461E71A002CADB7 /* UIViewController+setTitle.swift */; };
		844D52052461E9FB002CADB7 /* FileSystemCollectionView.swift in Sources */ = {isa = PBXBuildFile; fileRef = 844D52042461E9FB002CADB7 /* FileSystemCollectionView.swift */; };
		844D52072461EB71002CADB7 /* DirectoryCollectionViewCell.swift in Sources */ = {isa = PBXBuildFile; fileRef = 844D52062461EB70002CADB7 /* DirectoryCollectionViewCell.swift */; };
		8451E09923A12B4700DF8F51 /* IssueTableViewCell.swift in Sources */ = {isa = PBXBuildFile; fileRef = 8451E09823A12B4700DF8F51 /* IssueTableViewCell.swift */; };
		845598D3243A3190000416FF /* FileSystemPresenter.swift in Sources */ = {isa = PBXBuildFile; fileRef = 845598C9243A3190000416FF /* FileSystemPresenter.swift */; };
		845598D4243A3190000416FF /* FileSystemView.swift in Sources */ = {isa = PBXBuildFile; fileRef = 845598CB243A3190000416FF /* FileSystemView.swift */; };
		845598D5243A3190000416FF /* FileSystemViewController.swift in Sources */ = {isa = PBXBuildFile; fileRef = 845598CC243A3190000416FF /* FileSystemViewController.swift */; };
		845598D6243A3190000416FF /* FileSystemProtocols.swift in Sources */ = {isa = PBXBuildFile; fileRef = 845598CE243A3190000416FF /* FileSystemProtocols.swift */; };
		845598D7243A3190000416FF /* FileSystemInteractor.swift in Sources */ = {isa = PBXBuildFile; fileRef = 845598D0243A3190000416FF /* FileSystemInteractor.swift */; };
		845598D8243A3190000416FF /* FileSystemRouter.swift in Sources */ = {isa = PBXBuildFile; fileRef = 845598D2243A3190000416FF /* FileSystemRouter.swift */; };
		84588EB924644FDB00805231 /* PaddingLabel.swift in Sources */ = {isa = PBXBuildFile; fileRef = 84588EB824644FDB00805231 /* PaddingLabel.swift */; };
		84588EBD2464604B00805231 /* ButtonWithStack.swift in Sources */ = {isa = PBXBuildFile; fileRef = 84588EBC2464604B00805231 /* ButtonWithStack.swift */; };
		84588EBF2464656A00805231 /* TouchClearUIComponents.swift in Sources */ = {isa = PBXBuildFile; fileRef = 84588EBE2464656A00805231 /* TouchClearUIComponents.swift */; };
		845D2051235B4AC4003B3F10 /* ColorFromStringARGB.swift in Sources */ = {isa = PBXBuildFile; fileRef = 845D2050235B4AC4003B3F10 /* ColorFromStringARGB.swift */; };
		845D2056235B56B6003B3F10 /* TwoStateButton.swift in Sources */ = {isa = PBXBuildFile; fileRef = 845D2055235B56B6003B3F10 /* TwoStateButton.swift */; };
		845D205A235B654E003B3F10 /* AuthenticationForm.swift in Sources */ = {isa = PBXBuildFile; fileRef = 845D2059235B654E003B3F10 /* AuthenticationForm.swift */; };
		8489DB392363423500C089B4 /* Localizable.strings in Resources */ = {isa = PBXBuildFile; fileRef = 8489DB372363423500C089B4 /* Localizable.strings */; };
		84D8D33C23A3B49E00B5DC13 /* InputDialog.swift in Sources */ = {isa = PBXBuildFile; fileRef = 84D8D33B23A3B49E00B5DC13 /* InputDialog.swift */; };
		84D8D34423A3E2ED00B5DC13 /* IssuePageProtocols.swift in Sources */ = {isa = PBXBuildFile; fileRef = 84D8D34323A3E2ED00B5DC13 /* IssuePageProtocols.swift */; };
		84D8D34623A3E69900B5DC13 /* IssueComment.swift in Sources */ = {isa = PBXBuildFile; fileRef = 84D8D34523A3E69900B5DC13 /* IssueComment.swift */; };
		84D8D34823A3EA9600B5DC13 /* IssuePageViewController.swift in Sources */ = {isa = PBXBuildFile; fileRef = 84D8D34723A3EA9600B5DC13 /* IssuePageViewController.swift */; };
		84D8D34A23A3ECF000B5DC13 /* IssuePagePresenter.swift in Sources */ = {isa = PBXBuildFile; fileRef = 84D8D34923A3ECF000B5DC13 /* IssuePagePresenter.swift */; };
		84D8D34C23A3EE1900B5DC13 /* IssuePageInteractor.swift in Sources */ = {isa = PBXBuildFile; fileRef = 84D8D34B23A3EE1800B5DC13 /* IssuePageInteractor.swift */; };
		84D8D34E23A3EE7100B5DC13 /* IssuePageRouter.swift in Sources */ = {isa = PBXBuildFile; fileRef = 84D8D34D23A3EE7100B5DC13 /* IssuePageRouter.swift */; };
		84D9ABBF23A3934A0055AC1B /* IssuesListInteractor.swift in Sources */ = {isa = PBXBuildFile; fileRef = 84D9ABBE23A3934A0055AC1B /* IssuesListInteractor.swift */; };
		84FC0ABE23AA8F70002783F5 /* KeyboardHiding.swift in Sources */ = {isa = PBXBuildFile; fileRef = 84FC0ABD23AA8F70002783F5 /* KeyboardHiding.swift */; };
		84FC0AC023AA9EA7002783F5 /* ScrollToEnd.swift in Sources */ = {isa = PBXBuildFile; fileRef = 84FC0ABF23AA9EA7002783F5 /* ScrollToEnd.swift */; };
/* End PBXBuildFile section */

/* Begin PBXContainerItemProxy section */
		8419EAB42356163D0033B5B2 /* PBXContainerItemProxy */ = {
			isa = PBXContainerItemProxy;
			containerPortal = 8419EA952356163B0033B5B2 /* Project object */;
			proxyType = 1;
			remoteGlobalIDString = 8419EA9C2356163B0033B5B2;
			remoteInfo = GitManager;
		};
		8419EABF2356163E0033B5B2 /* PBXContainerItemProxy */ = {
			isa = PBXContainerItemProxy;
			containerPortal = 8419EA952356163B0033B5B2 /* Project object */;
			proxyType = 1;
			remoteGlobalIDString = 8419EA9C2356163B0033B5B2;
			remoteInfo = GitManager;
		};
/* End PBXContainerItemProxy section */

/* Begin PBXFileReference section */
		15D99DAB4812D76ABFFDCD1C /* Pods-GitManager.debug.xcconfig */ = {isa = PBXFileReference; includeInIndex = 1; lastKnownFileType = text.xcconfig; name = "Pods-GitManager.debug.xcconfig"; path = "Target Support Files/Pods-GitManager/Pods-GitManager.debug.xcconfig"; sourceTree = "<group>"; };
		6B517910924517F8B7519667 /* Pods-GitManager.release.xcconfig */ = {isa = PBXFileReference; includeInIndex = 1; lastKnownFileType = text.xcconfig; name = "Pods-GitManager.release.xcconfig"; path = "Target Support Files/Pods-GitManager/Pods-GitManager.release.xcconfig"; sourceTree = "<group>"; };
		8419EA9D2356163B0033B5B2 /* GitManager.app */ = {isa = PBXFileReference; explicitFileType = wrapper.application; includeInIndex = 0; path = GitManager.app; sourceTree = BUILT_PRODUCTS_DIR; };
		8419EAA02356163B0033B5B2 /* AppDelegate.swift */ = {isa = PBXFileReference; lastKnownFileType = sourcecode.swift; path = AppDelegate.swift; sourceTree = "<group>"; };
		8419EAA92356163D0033B5B2 /* Assets.xcassets */ = {isa = PBXFileReference; lastKnownFileType = folder.assetcatalog; path = Assets.xcassets; sourceTree = "<group>"; };
		8419EAAC2356163D0033B5B2 /* Base */ = {isa = PBXFileReference; lastKnownFileType = file.storyboard; name = Base; path = Base.lproj/LaunchScreen.storyboard; sourceTree = "<group>"; };
		8419EAAE2356163D0033B5B2 /* Info.plist */ = {isa = PBXFileReference; lastKnownFileType = text.plist.xml; path = Info.plist; sourceTree = "<group>"; };
		8419EAB32356163D0033B5B2 /* GitManagerTests.xctest */ = {isa = PBXFileReference; explicitFileType = wrapper.cfbundle; includeInIndex = 0; path = GitManagerTests.xctest; sourceTree = BUILT_PRODUCTS_DIR; };
		8419EAB72356163D0033B5B2 /* GitManagerTests.swift */ = {isa = PBXFileReference; lastKnownFileType = sourcecode.swift; path = GitManagerTests.swift; sourceTree = "<group>"; };
		8419EAB92356163D0033B5B2 /* Info.plist */ = {isa = PBXFileReference; lastKnownFileType = text.plist.xml; path = Info.plist; sourceTree = "<group>"; };
		8419EABE2356163E0033B5B2 /* GitManagerUITests.xctest */ = {isa = PBXFileReference; explicitFileType = wrapper.cfbundle; includeInIndex = 0; path = GitManagerUITests.xctest; sourceTree = BUILT_PRODUCTS_DIR; };
		8419EAC22356163E0033B5B2 /* GitManagerUITests.swift */ = {isa = PBXFileReference; lastKnownFileType = sourcecode.swift; path = GitManagerUITests.swift; sourceTree = "<group>"; };
		8419EAC42356163E0033B5B2 /* Info.plist */ = {isa = PBXFileReference; lastKnownFileType = text.plist.xml; path = Info.plist; sourceTree = "<group>"; };
		8419EAD0235617330033B5B2 /* libAlamofire.a */ = {isa = PBXFileReference; explicitFileType = archive.ar; path = libAlamofire.a; sourceTree = BUILT_PRODUCTS_DIR; };
		8419EAD7235620050033B5B2 /* Repository.swift */ = {isa = PBXFileReference; lastKnownFileType = sourcecode.swift; path = Repository.swift; sourceTree = "<group>"; };
		843C0A2B2368771900774F91 /* ReposPageInteractor.swift */ = {isa = PBXFileReference; lastKnownFileType = sourcecode.swift; path = ReposPageInteractor.swift; sourceTree = "<group>"; };
		843C0A2D236877CB00774F91 /* ReposPagePresenter.swift */ = {isa = PBXFileReference; lastKnownFileType = sourcecode.swift; path = ReposPagePresenter.swift; sourceTree = "<group>"; };
		843C0A2F2368780D00774F91 /* ReposPageViewController.swift */ = {isa = PBXFileReference; lastKnownFileType = sourcecode.swift; path = ReposPageViewController.swift; sourceTree = "<group>"; };
		843C0A3123689DA600774F91 /* AddictionalInformationStack.swift */ = {isa = PBXFileReference; lastKnownFileType = sourcecode.swift; path = AddictionalInformationStack.swift; sourceTree = "<group>"; };
		843C1AA5236AFFCF00F2D4DD /* StringToBase64.swift */ = {isa = PBXFileReference; lastKnownFileType = sourcecode.swift; path = StringToBase64.swift; sourceTree = "<group>"; };
		843C688623A10F6F001EE3EF /* UIViewConstraints.swift */ = {isa = PBXFileReference; lastKnownFileType = sourcecode.swift; path = UIViewConstraints.swift; sourceTree = "<group>"; };
		843C82662363026B00469428 /* KeychainServiceProtocol.swift */ = {isa = PBXFileReference; lastKnownFileType = sourcecode.swift; path = KeychainServiceProtocol.swift; sourceTree = "<group>"; };
		843C82682363037200469428 /* KeychainService.swift */ = {isa = PBXFileReference; lastKnownFileType = sourcecode.swift; path = KeychainService.swift; sourceTree = "<group>"; };
		843CDA0C237ECD0200B61E3F /* SearchFooterButton.swift */ = {isa = PBXFileReference; lastKnownFileType = sourcecode.swift; path = SearchFooterButton.swift; sourceTree = "<group>"; };
		843D05DA235F43BB00E88B58 /* RepositoryTableViewCell.swift */ = {isa = PBXFileReference; lastKnownFileType = sourcecode.swift; path = RepositoryTableViewCell.swift; sourceTree = "<group>"; };
		843D05DF235F531800E88B58 /* AuthenticationViewController.swift */ = {isa = PBXFileReference; lastKnownFileType = sourcecode.swift; path = AuthenticationViewController.swift; sourceTree = "<group>"; };
		843D05E2235F53A000E88B58 /* AuthenticationPresenter.swift */ = {isa = PBXFileReference; lastKnownFileType = sourcecode.swift; path = AuthenticationPresenter.swift; sourceTree = "<group>"; };
		843D05E5235F54D600E88B58 /* AuthenticationInteractor.swift */ = {isa = PBXFileReference; lastKnownFileType = sourcecode.swift; path = AuthenticationInteractor.swift; sourceTree = "<group>"; };
		843D16E82359FF7200AEB3F9 /* GitUser.swift */ = {isa = PBXFileReference; lastKnownFileType = sourcecode.swift; path = GitUser.swift; sourceTree = "<group>"; };
		843D66AF23618C6300AC8694 /* GitHubApiServiceProtocol.swift */ = {isa = PBXFileReference; lastKnownFileType = sourcecode.swift; path = GitHubApiServiceProtocol.swift; sourceTree = "<group>"; };
		843D66B1236196BE00AC8694 /* AuthenticationProtocols.swift */ = {isa = PBXFileReference; lastKnownFileType = sourcecode.swift; path = AuthenticationProtocols.swift; sourceTree = "<group>"; };
		843D66B32361ADC400AC8694 /* AuthenticationRouter.swift */ = {isa = PBXFileReference; lastKnownFileType = sourcecode.swift; path = AuthenticationRouter.swift; sourceTree = "<group>"; };
		843DDF412397F23C00603AF8 /* LoadingCheckManagerProtocol.swift */ = {isa = PBXFileReference; lastKnownFileType = sourcecode.swift; path = LoadingCheckManagerProtocol.swift; sourceTree = "<group>"; };
		843DDF432397F4F200603AF8 /* LoadingCheckManager.swift */ = {isa = PBXFileReference; lastKnownFileType = sourcecode.swift; path = LoadingCheckManager.swift; sourceTree = "<group>"; };
		843DDF462397FAE900603AF8 /* LoadingViewProtocol.swift */ = {isa = PBXFileReference; lastKnownFileType = sourcecode.swift; path = LoadingViewProtocol.swift; sourceTree = "<group>"; };
		843DDF482397FD8900603AF8 /* LoadingView.swift */ = {isa = PBXFileReference; lastKnownFileType = sourcecode.swift; path = LoadingView.swift; sourceTree = "<group>"; };
		843DE613237DA90500CC75A5 /* ReposSearchProtocols.swift */ = {isa = PBXFileReference; lastKnownFileType = sourcecode.swift; path = ReposSearchProtocols.swift; sourceTree = "<group>"; };
		843DE615237DA98500CC75A5 /* ReposSearchInteractor.swift */ = {isa = PBXFileReference; lastKnownFileType = sourcecode.swift; path = ReposSearchInteractor.swift; sourceTree = "<group>"; };
		843DE617237DA9E400CC75A5 /* ReposSearchPresenter.swift */ = {isa = PBXFileReference; lastKnownFileType = sourcecode.swift; path = ReposSearchPresenter.swift; sourceTree = "<group>"; };
		843DE619237DAA2700CC75A5 /* ReposSearchViewController.swift */ = {isa = PBXFileReference; lastKnownFileType = sourcecode.swift; path = ReposSearchViewController.swift; sourceTree = "<group>"; };
		843DE61B237DAA5D00CC75A5 /* ReposSearchRouter.swift */ = {isa = PBXFileReference; lastKnownFileType = sourcecode.swift; path = ReposSearchRouter.swift; sourceTree = "<group>"; };
		843E2A1E2375B19D00379F0A /* ReposTableViewerProtocols.swift */ = {isa = PBXFileReference; lastKnownFileType = sourcecode.swift; path = ReposTableViewerProtocols.swift; sourceTree = "<group>"; };
		843E2A202375B4D100379F0A /* ReposTableViewer.swift */ = {isa = PBXFileReference; lastKnownFileType = sourcecode.swift; path = ReposTableViewer.swift; sourceTree = "<group>"; };
		843E2A292375CA0700379F0A /* TabBarCreator.swift */ = {isa = PBXFileReference; lastKnownFileType = sourcecode.swift; path = TabBarCreator.swift; sourceTree = "<group>"; };
		843E2A342375D14B00379F0A /* ReposListStarredProtocols.swift */ = {isa = PBXFileReference; lastKnownFileType = sourcecode.swift; path = ReposListStarredProtocols.swift; sourceTree = "<group>"; };
		843E2A362375D1DE00379F0A /* ReposListStarredRouter.swift */ = {isa = PBXFileReference; lastKnownFileType = sourcecode.swift; path = ReposListStarredRouter.swift; sourceTree = "<group>"; };
		843E2A382375D24B00379F0A /* ReposListStarredInteractor.swift */ = {isa = PBXFileReference; lastKnownFileType = sourcecode.swift; path = ReposListStarredInteractor.swift; sourceTree = "<group>"; };
		843E2A3A2375D29C00379F0A /* ReposListStarredPresenter.swift */ = {isa = PBXFileReference; lastKnownFileType = sourcecode.swift; path = ReposListStarredPresenter.swift; sourceTree = "<group>"; };
		843E2A3C2375D2EF00379F0A /* ReposListStarredViewController.swift */ = {isa = PBXFileReference; lastKnownFileType = sourcecode.swift; path = ReposListStarredViewController.swift; sourceTree = "<group>"; };
		843EA14C23575040008A3E0E /* ReposListInteractor.swift */ = {isa = PBXFileReference; lastKnownFileType = sourcecode.swift; path = ReposListInteractor.swift; sourceTree = "<group>"; };
		843EA14E235750D1008A3E0E /* ReposListProtocols.swift */ = {isa = PBXFileReference; lastKnownFileType = sourcecode.swift; path = ReposListProtocols.swift; sourceTree = "<group>"; };
		843EA150235756FA008A3E0E /* ReposListPresenter.swift */ = {isa = PBXFileReference; lastKnownFileType = sourcecode.swift; path = ReposListPresenter.swift; sourceTree = "<group>"; };
		843EA15223575D5B008A3E0E /* ReposListRouter.swift */ = {isa = PBXFileReference; lastKnownFileType = sourcecode.swift; path = ReposListRouter.swift; sourceTree = "<group>"; };
		843ECB1023AFC2BC00BB6C54 /* NoContentViewProtocol.swift */ = {isa = PBXFileReference; lastKnownFileType = sourcecode.swift; path = NoContentViewProtocol.swift; sourceTree = "<group>"; };
		843ECB1223AFC79300BB6C54 /* NoContentView.swift */ = {isa = PBXFileReference; lastKnownFileType = sourcecode.swift; path = NoContentView.swift; sourceTree = "<group>"; };
		843EE001237AFA78003E0C5B /* SearchController.swift */ = {isa = PBXFileReference; lastKnownFileType = sourcecode.swift; path = SearchController.swift; sourceTree = "<group>"; };
		843EE003237AFB49003E0C5B /* SearchControllerProtocol.swift */ = {isa = PBXFileReference; lastKnownFileType = sourcecode.swift; path = SearchControllerProtocol.swift; sourceTree = "<group>"; };
		843F32872366F28800AFB40F /* ProfileEditorProtocols.swift */ = {isa = PBXFileReference; lastKnownFileType = sourcecode.swift; path = ProfileEditorProtocols.swift; sourceTree = "<group>"; };
		843F328D2366F52A00AFB40F /* ProfileEditorRouter.swift */ = {isa = PBXFileReference; lastKnownFileType = sourcecode.swift; path = ProfileEditorRouter.swift; sourceTree = "<group>"; };
		843F328F2366FB3C00AFB40F /* ProfileEditorInteractor.swift */ = {isa = PBXFileReference; lastKnownFileType = sourcecode.swift; path = ProfileEditorInteractor.swift; sourceTree = "<group>"; };
		843F32912366FC0F00AFB40F /* ProfileEditorPresenter.swift */ = {isa = PBXFileReference; lastKnownFileType = sourcecode.swift; path = ProfileEditorPresenter.swift; sourceTree = "<group>"; };
		843F3293236701A900AFB40F /* ProfileEditorViewController.swift */ = {isa = PBXFileReference; lastKnownFileType = sourcecode.swift; path = ProfileEditorViewController.swift; sourceTree = "<group>"; };
		843F3295236703D100AFB40F /* ProfileEditorStackView.swift */ = {isa = PBXFileReference; lastKnownFileType = sourcecode.swift; path = ProfileEditorStackView.swift; sourceTree = "<group>"; };
		843F329923672ADF00AFB40F /* ReposPageProtocols.swift */ = {isa = PBXFileReference; lastKnownFileType = sourcecode.swift; path = ReposPageProtocols.swift; sourceTree = "<group>"; };
		843F329B2367423300AFB40F /* UrlImageGetter.swift */ = {isa = PBXFileReference; lastKnownFileType = sourcecode.swift; path = UrlImageGetter.swift; sourceTree = "<group>"; };
		843F32A1236747A500AFB40F /* ReposPageRouter.swift */ = {isa = PBXFileReference; lastKnownFileType = sourcecode.swift; path = ReposPageRouter.swift; sourceTree = "<group>"; };
		843F3B64237304B900F74B8D /* ClearUIStackViewArrangedSubviews.swift */ = {isa = PBXFileReference; lastKnownFileType = sourcecode.swift; path = ClearUIStackViewArrangedSubviews.swift; sourceTree = "<group>"; };
		843F3B672373286600F74B8D /* Colors.swift */ = {isa = PBXFileReference; lastKnownFileType = sourcecode.swift; path = Colors.swift; sourceTree = "<group>"; };
		843F3B6923732DC200F74B8D /* Designer.swift */ = {isa = PBXFileReference; lastKnownFileType = sourcecode.swift; path = Designer.swift; sourceTree = "<group>"; };
		843FFC4C238BFD2900AE04B1 /* FiltrationManager.swift */ = {isa = PBXFileReference; lastKnownFileType = sourcecode.swift; path = FiltrationManager.swift; sourceTree = "<group>"; };
		843FFC4E238BFDD100AE04B1 /* FiltrationManagerProtocol.swift */ = {isa = PBXFileReference; lastKnownFileType = sourcecode.swift; path = FiltrationManagerProtocol.swift; sourceTree = "<group>"; };
		843FFC50238BFEAB00AE04B1 /* FiltersView.swift */ = {isa = PBXFileReference; lastKnownFileType = sourcecode.swift; path = FiltersView.swift; sourceTree = "<group>"; };
		843FFC52238BFED000AE04B1 /* FiltersViewProtocol.swift */ = {isa = PBXFileReference; lastKnownFileType = sourcecode.swift; path = FiltersViewProtocol.swift; sourceTree = "<group>"; };
		8440BC442379398900EACA51 /* StarredRepositoryServiceProtocol.swift */ = {isa = PBXFileReference; lastKnownFileType = sourcecode.swift; path = StarredRepositoryServiceProtocol.swift; sourceTree = "<group>"; };
		8440BC4823793E1200EACA51 /* StarredRepositoryService.swift */ = {isa = PBXFileReference; lastKnownFileType = sourcecode.swift; path = StarredRepositoryService.swift; sourceTree = "<group>"; };
		8440BC4A2379872000EACA51 /* AppConfig.swift */ = {isa = PBXFileReference; lastKnownFileType = sourcecode.swift; path = AppConfig.swift; sourceTree = "<group>"; };
		8441F72723A77DC000177F16 /* MarkdownView.bundle */ = {isa = PBXFileReference; explicitFileType = wrapper.cfbundle; path = MarkdownView.bundle; sourceTree = BUILT_PRODUCTS_DIR; };
		8441F72A23A77EBA00177F16 /* libMarkdownView.a */ = {isa = PBXFileReference; explicitFileType = archive.ar; path = libMarkdownView.a; sourceTree = BUILT_PRODUCTS_DIR; };
		84430A2223950F78007217D6 /* SubstringSearching.swift */ = {isa = PBXFileReference; lastKnownFileType = sourcecode.swift; path = SubstringSearching.swift; sourceTree = "<group>"; };
		84430A2523952AF6007217D6 /* FileParserProtocol.swift */ = {isa = PBXFileReference; lastKnownFileType = sourcecode.swift; path = FileParserProtocol.swift; sourceTree = "<group>"; };
		84430A2723952B99007217D6 /* GitHubFileParser.swift */ = {isa = PBXFileReference; lastKnownFileType = sourcecode.swift; path = GitHubFileParser.swift; sourceTree = "<group>"; };
		8444A1D62390258400D5037B /* GitHubApiService.swift */ = {isa = PBXFileReference; lastKnownFileType = sourcecode.swift; path = GitHubApiService.swift; sourceTree = "<group>"; };
		84457ED72361E8B2005C2549 /* ScreensRouter.swift */ = {isa = PBXFileReference; lastKnownFileType = sourcecode.swift; path = ScreensRouter.swift; sourceTree = "<group>"; };
		84457EDB2361EE8F005C2549 /* DependentRouterProtocol.swift */ = {isa = PBXFileReference; lastKnownFileType = sourcecode.swift; path = DependentRouterProtocol.swift; sourceTree = "<group>"; };
		84457EDD2361F3BD005C2549 /* ScreensRouterProtocol.swift */ = {isa = PBXFileReference; lastKnownFileType = sourcecode.swift; path = ScreensRouterProtocol.swift; sourceTree = "<group>"; };
		8445FC8F2462BF4200FA30F4 /* FileViewerPresenter.swift */ = {isa = PBXFileReference; fileEncoding = 4; lastKnownFileType = sourcecode.swift; path = FileViewerPresenter.swift; sourceTree = "<group>"; };
		8445FC912462BF4200FA30F4 /* FileViewerView.swift */ = {isa = PBXFileReference; fileEncoding = 4; lastKnownFileType = sourcecode.swift; path = FileViewerView.swift; sourceTree = "<group>"; };
		8445FC922462BF4200FA30F4 /* FileViewerViewController.swift */ = {isa = PBXFileReference; fileEncoding = 4; lastKnownFileType = sourcecode.swift; path = FileViewerViewController.swift; sourceTree = "<group>"; };
		8445FC942462BF4200FA30F4 /* FileViewerProtocols.swift */ = {isa = PBXFileReference; fileEncoding = 4; lastKnownFileType = sourcecode.swift; path = FileViewerProtocols.swift; sourceTree = "<group>"; };
		8445FC962462BF4200FA30F4 /* FileViewerInteractor.swift */ = {isa = PBXFileReference; fileEncoding = 4; lastKnownFileType = sourcecode.swift; path = FileViewerInteractor.swift; sourceTree = "<group>"; };
		8445FC982462BF4200FA30F4 /* FileViewerRouter.swift */ = {isa = PBXFileReference; fileEncoding = 4; lastKnownFileType = sourcecode.swift; path = FileViewerRouter.swift; sourceTree = "<group>"; };
		84476758239A6B6500EE93B1 /* ReposListViewController.swift */ = {isa = PBXFileReference; lastKnownFileType = sourcecode.swift; path = ReposListViewController.swift; sourceTree = "<group>"; };
		8447675A239A747F00EE93B1 /* Issue.swift */ = {isa = PBXFileReference; lastKnownFileType = sourcecode.swift; path = Issue.swift; sourceTree = "<group>"; };
		84476764239A95AC00EE93B1 /* IssuesListProtocols.swift */ = {isa = PBXFileReference; lastKnownFileType = sourcecode.swift; path = IssuesListProtocols.swift; sourceTree = "<group>"; };
		84476766239AA13600EE93B1 /* IssuesListViewController.swift */ = {isa = PBXFileReference; lastKnownFileType = sourcecode.swift; path = IssuesListViewController.swift; sourceTree = "<group>"; };
		84476768239AA15000EE93B1 /* IssuesListPresenter.swift */ = {isa = PBXFileReference; lastKnownFileType = sourcecode.swift; path = IssuesListPresenter.swift; sourceTree = "<group>"; };
		8447676C239AA17100EE93B1 /* IssuesListRouter.swift */ = {isa = PBXFileReference; lastKnownFileType = sourcecode.swift; path = IssuesListRouter.swift; sourceTree = "<group>"; };
		84481AFD238EB42A00DFE6AD /* UIStackViewBackground.swift */ = {isa = PBXFileReference; lastKnownFileType = sourcecode.swift; path = UIStackViewBackground.swift; sourceTree = "<group>"; };
		844C22FD245E49CB0003B3B3 /* Directory.swift */ = {isa = PBXFileReference; lastKnownFileType = sourcecode.swift; path = Directory.swift; sourceTree = "<group>"; };
		844D51FC2461CD56002CADB7 /* UIViewController+alert.swift */ = {isa = PBXFileReference; fileEncoding = 4; lastKnownFileType = sourcecode.swift; path = "UIViewController+alert.swift"; sourceTree = "<group>"; };
		844D52022461E71A002CADB7 /* UIViewController+setTitle.swift */ = {isa = PBXFileReference; lastKnownFileType = sourcecode.swift; path = "UIViewController+setTitle.swift"; sourceTree = "<group>"; };
		844D52042461E9FB002CADB7 /* FileSystemCollectionView.swift */ = {isa = PBXFileReference; lastKnownFileType = sourcecode.swift; path = FileSystemCollectionView.swift; sourceTree = "<group>"; };
		844D52062461EB70002CADB7 /* DirectoryCollectionViewCell.swift */ = {isa = PBXFileReference; lastKnownFileType = sourcecode.swift; path = DirectoryCollectionViewCell.swift; sourceTree = "<group>"; };
		8451E09823A12B4700DF8F51 /* IssueTableViewCell.swift */ = {isa = PBXFileReference; lastKnownFileType = sourcecode.swift; path = IssueTableViewCell.swift; sourceTree = "<group>"; };
		845598C9243A3190000416FF /* FileSystemPresenter.swift */ = {isa = PBXFileReference; fileEncoding = 4; lastKnownFileType = sourcecode.swift; path = FileSystemPresenter.swift; sourceTree = "<group>"; };
		845598CB243A3190000416FF /* FileSystemView.swift */ = {isa = PBXFileReference; fileEncoding = 4; lastKnownFileType = sourcecode.swift; path = FileSystemView.swift; sourceTree = "<group>"; };
		845598CC243A3190000416FF /* FileSystemViewController.swift */ = {isa = PBXFileReference; fileEncoding = 4; lastKnownFileType = sourcecode.swift; path = FileSystemViewController.swift; sourceTree = "<group>"; };
		845598CE243A3190000416FF /* FileSystemProtocols.swift */ = {isa = PBXFileReference; fileEncoding = 4; lastKnownFileType = sourcecode.swift; path = FileSystemProtocols.swift; sourceTree = "<group>"; };
		845598D0243A3190000416FF /* FileSystemInteractor.swift */ = {isa = PBXFileReference; fileEncoding = 4; lastKnownFileType = sourcecode.swift; path = FileSystemInteractor.swift; sourceTree = "<group>"; };
		845598D2243A3190000416FF /* FileSystemRouter.swift */ = {isa = PBXFileReference; fileEncoding = 4; lastKnownFileType = sourcecode.swift; path = FileSystemRouter.swift; sourceTree = "<group>"; };
		84588EB824644FDB00805231 /* PaddingLabel.swift */ = {isa = PBXFileReference; lastKnownFileType = sourcecode.swift; path = PaddingLabel.swift; sourceTree = "<group>"; };
		84588EBC2464604B00805231 /* ButtonWithStack.swift */ = {isa = PBXFileReference; fileEncoding = 4; lastKnownFileType = sourcecode.swift; path = ButtonWithStack.swift; sourceTree = "<group>"; };
		84588EBE2464656A00805231 /* TouchClearUIComponents.swift */ = {isa = PBXFileReference; fileEncoding = 4; lastKnownFileType = sourcecode.swift; path = TouchClearUIComponents.swift; sourceTree = "<group>"; };
		845D2050235B4AC4003B3F10 /* ColorFromStringARGB.swift */ = {isa = PBXFileReference; lastKnownFileType = sourcecode.swift; path = ColorFromStringARGB.swift; sourceTree = "<group>"; };
		845D2055235B56B6003B3F10 /* TwoStateButton.swift */ = {isa = PBXFileReference; lastKnownFileType = sourcecode.swift; path = TwoStateButton.swift; sourceTree = "<group>"; };
		845D2059235B654E003B3F10 /* AuthenticationForm.swift */ = {isa = PBXFileReference; lastKnownFileType = sourcecode.swift; path = AuthenticationForm.swift; sourceTree = "<group>"; };
		8489DB3A2363424700C089B4 /* ru-RU */ = {isa = PBXFileReference; lastKnownFileType = text.plist.strings; name = "ru-RU"; path = "ru-RU.lproj/Localizable.strings"; sourceTree = "<group>"; };
		84D8D33B23A3B49E00B5DC13 /* InputDialog.swift */ = {isa = PBXFileReference; lastKnownFileType = sourcecode.swift; path = InputDialog.swift; sourceTree = "<group>"; };
		84D8D34323A3E2ED00B5DC13 /* IssuePageProtocols.swift */ = {isa = PBXFileReference; lastKnownFileType = sourcecode.swift; path = IssuePageProtocols.swift; sourceTree = "<group>"; };
		84D8D34523A3E69900B5DC13 /* IssueComment.swift */ = {isa = PBXFileReference; lastKnownFileType = sourcecode.swift; path = IssueComment.swift; sourceTree = "<group>"; };
		84D8D34723A3EA9600B5DC13 /* IssuePageViewController.swift */ = {isa = PBXFileReference; lastKnownFileType = sourcecode.swift; path = IssuePageViewController.swift; sourceTree = "<group>"; };
		84D8D34923A3ECF000B5DC13 /* IssuePagePresenter.swift */ = {isa = PBXFileReference; lastKnownFileType = sourcecode.swift; path = IssuePagePresenter.swift; sourceTree = "<group>"; };
		84D8D34B23A3EE1800B5DC13 /* IssuePageInteractor.swift */ = {isa = PBXFileReference; lastKnownFileType = sourcecode.swift; path = IssuePageInteractor.swift; sourceTree = "<group>"; };
		84D8D34D23A3EE7100B5DC13 /* IssuePageRouter.swift */ = {isa = PBXFileReference; lastKnownFileType = sourcecode.swift; path = IssuePageRouter.swift; sourceTree = "<group>"; };
		84D9ABBE23A3934A0055AC1B /* IssuesListInteractor.swift */ = {isa = PBXFileReference; lastKnownFileType = sourcecode.swift; path = IssuesListInteractor.swift; sourceTree = "<group>"; };
		84FC0ABD23AA8F70002783F5 /* KeyboardHiding.swift */ = {isa = PBXFileReference; lastKnownFileType = sourcecode.swift; path = KeyboardHiding.swift; sourceTree = "<group>"; };
		84FC0ABF23AA9EA7002783F5 /* ScrollToEnd.swift */ = {isa = PBXFileReference; lastKnownFileType = sourcecode.swift; path = ScrollToEnd.swift; sourceTree = "<group>"; };
		ABBBC25C49142E37B754330D /* libPods-GitManager.a */ = {isa = PBXFileReference; explicitFileType = archive.ar; includeInIndex = 0; path = "libPods-GitManager.a"; sourceTree = BUILT_PRODUCTS_DIR; };
/* End PBXFileReference section */

/* Begin PBXFrameworksBuildPhase section */
		8419EA9A2356163B0033B5B2 /* Frameworks */ = {
			isa = PBXFrameworksBuildPhase;
			buildActionMask = 2147483647;
			files = (
				8419EAD1235617330033B5B2 /* libAlamofire.a in Frameworks */,
				8441F72B23A77EBA00177F16 /* libMarkdownView.a in Frameworks */,
				71B2620C4A9A5D7003AB5653 /* libPods-GitManager.a in Frameworks */,
			);
			runOnlyForDeploymentPostprocessing = 0;
		};
		8419EAB02356163D0033B5B2 /* Frameworks */ = {
			isa = PBXFrameworksBuildPhase;
			buildActionMask = 2147483647;
			files = (
			);
			runOnlyForDeploymentPostprocessing = 0;
		};
		8419EABB2356163E0033B5B2 /* Frameworks */ = {
			isa = PBXFrameworksBuildPhase;
			buildActionMask = 2147483647;
			files = (
			);
			runOnlyForDeploymentPostprocessing = 0;
		};
/* End PBXFrameworksBuildPhase section */

/* Begin PBXGroup section */
		0AC4CA8BC9510B59BBE5C937 /* Frameworks */ = {
			isa = PBXGroup;
			children = (
				8441F72A23A77EBA00177F16 /* libMarkdownView.a */,
				8441F72723A77DC000177F16 /* MarkdownView.bundle */,
				8419EAD0235617330033B5B2 /* libAlamofire.a */,
				ABBBC25C49142E37B754330D /* libPods-GitManager.a */,
			);
			name = Frameworks;
			sourceTree = "<group>";
		};
		8419EA942356163B0033B5B2 = {
			isa = PBXGroup;
			children = (
				8419EA9F2356163B0033B5B2 /* GitManager */,
				8419EAB62356163D0033B5B2 /* GitManagerTests */,
				8419EAC12356163E0033B5B2 /* GitManagerUITests */,
				8419EA9E2356163B0033B5B2 /* Products */,
				BF29FEFE1A2A966C6EEE4C87 /* Pods */,
				0AC4CA8BC9510B59BBE5C937 /* Frameworks */,
			);
			sourceTree = "<group>";
		};
		8419EA9E2356163B0033B5B2 /* Products */ = {
			isa = PBXGroup;
			children = (
				8419EA9D2356163B0033B5B2 /* GitManager.app */,
				8419EAB32356163D0033B5B2 /* GitManagerTests.xctest */,
				8419EABE2356163E0033B5B2 /* GitManagerUITests.xctest */,
			);
			name = Products;
			sourceTree = "<group>";
		};
		8419EA9F2356163B0033B5B2 /* GitManager */ = {
			isa = PBXGroup;
			children = (
				843C1AA7236B0F7C00F2D4DD /* ApplicationLayer */,
				843D16E72359E0F800AEB3F9 /* BusinessLogicLayer */,
				843C1AA4236AFF7100F2D4DD /* Extensions */,
				843D16E62359E0E200AEB3F9 /* PresentationLayer */,
				84476757239A687000EE93B1 /* Constants */,
				843D16E52359E0C000AEB3F9 /* CoreLayer */,
				8419EAD423561BF50033B5B2 /* ModelsLayer */,
				8419EAA92356163D0033B5B2 /* Assets.xcassets */,
				8419EAAE2356163D0033B5B2 /* Info.plist */,
			);
			path = GitManager;
			sourceTree = "<group>";
		};
		8419EAB62356163D0033B5B2 /* GitManagerTests */ = {
			isa = PBXGroup;
			children = (
				8419EAB72356163D0033B5B2 /* GitManagerTests.swift */,
				8419EAB92356163D0033B5B2 /* Info.plist */,
			);
			path = GitManagerTests;
			sourceTree = "<group>";
		};
		8419EAC12356163E0033B5B2 /* GitManagerUITests */ = {
			isa = PBXGroup;
			children = (
				8419EAC22356163E0033B5B2 /* GitManagerUITests.swift */,
				8419EAC42356163E0033B5B2 /* Info.plist */,
			);
			path = GitManagerUITests;
			sourceTree = "<group>";
		};
		8419EAD223561BA00033B5B2 /* Authentication */ = {
			isa = PBXGroup;
			children = (
				843D05DC235F449000E88B58 /* Protocols */,
				843D05E7235F57AD00E88B58 /* Router */,
				843D05E4235F549B00E88B58 /* Interactor */,
				843D05E1235F533900E88B58 /* Presenter */,
				845D204B235B3FD4003B3F10 /* View */,
			);
			path = Authentication;
			sourceTree = "<group>";
		};
		8419EAD323561BBA0033B5B2 /* ReposList */ = {
			isa = PBXGroup;
			children = (
				843EA14B23574FAF008A3E0E /* Protocols */,
				843EA14A23574F36008A3E0E /* Router */,
				843EA14923574EBE008A3E0E /* Interactor  */,
				843EA14823574EB0008A3E0E /* Presenter */,
				843EA14723574EA9008A3E0E /* View */,
			);
			path = ReposList;
			sourceTree = "<group>";
		};
		8419EAD423561BF50033B5B2 /* ModelsLayer */ = {
			isa = PBXGroup;
			children = (
				8419EAD7235620050033B5B2 /* Repository.swift */,
				843D16E82359FF7200AEB3F9 /* GitUser.swift */,
				8447675A239A747F00EE93B1 /* Issue.swift */,
				84D8D34523A3E69900B5DC13 /* IssueComment.swift */,
				844C22FD245E49CB0003B3B3 /* Directory.swift */,
			);
			path = ModelsLayer;
			sourceTree = "<group>";
		};
		843BC299238D1D420018D002 /* FiltrationManager */ = {
			isa = PBXGroup;
			children = (
				843FFC4E238BFDD100AE04B1 /* FiltrationManagerProtocol.swift */,
				843FFC4C238BFD2900AE04B1 /* FiltrationManager.swift */,
			);
			path = FiltrationManager;
			sourceTree = "<group>";
		};
		843C1AA4236AFF7100F2D4DD /* Extensions */ = {
			isa = PBXGroup;
			children = (
				844D51FC2461CD56002CADB7 /* UIViewController+alert.swift */,
				845D2050235B4AC4003B3F10 /* ColorFromStringARGB.swift */,
				843F329B2367423300AFB40F /* UrlImageGetter.swift */,
				843C1AA5236AFFCF00F2D4DD /* StringToBase64.swift */,
				843F3B64237304B900F74B8D /* ClearUIStackViewArrangedSubviews.swift */,
				84481AFD238EB42A00DFE6AD /* UIStackViewBackground.swift */,
				84430A2223950F78007217D6 /* SubstringSearching.swift */,
				843C688623A10F6F001EE3EF /* UIViewConstraints.swift */,
				84D8D33B23A3B49E00B5DC13 /* InputDialog.swift */,
				84FC0ABD23AA8F70002783F5 /* KeyboardHiding.swift */,
				84FC0ABF23AA9EA7002783F5 /* ScrollToEnd.swift */,
				844D52022461E71A002CADB7 /* UIViewController+setTitle.swift */,
			);
			path = Extensions;
			sourceTree = "<group>";
		};
		843C1AA7236B0F7C00F2D4DD /* ApplicationLayer */ = {
			isa = PBXGroup;
			children = (
				84457ED62361E864005C2549 /* ScreensRouter */,
				8419EAA02356163B0033B5B2 /* AppDelegate.swift */,
				8440BC4A2379872000EACA51 /* AppConfig.swift */,
				8419EAAB2356163D0033B5B2 /* LaunchScreen.storyboard */,
			);
			path = ApplicationLayer;
			sourceTree = "<group>";
		};
		843C82652363012C00469428 /* KeychainService */ = {
			isa = PBXGroup;
			children = (
				843C82662363026B00469428 /* KeychainServiceProtocol.swift */,
				843C82682363037200469428 /* KeychainService.swift */,
			);
			path = KeychainService;
			sourceTree = "<group>";
		};
		843C826D23631D0A00469428 /* Localization */ = {
			isa = PBXGroup;
			children = (
				8489DB372363423500C089B4 /* Localizable.strings */,
			);
			path = Localization;
			sourceTree = "<group>";
		};
		843C8271236325E000469428 /* UIElements */ = {
			isa = PBXGroup;
			children = (
				843ECB0D23AFC28900BB6C54 /* NoContentView */,
				843DDF452397FA8800603AF8 /* LoadingView */,
				843E1EEA2386E840000BFFC0 /* FiltersView */,
				843EE000237AF9F6003E0C5B /* ReposSearchController */,
				843E2A1D2375AF1700379F0A /* ReposTableViewer */,
				845D2055235B56B6003B3F10 /* TwoStateButton.swift */,
				843F3B6923732DC200F74B8D /* Designer.swift */,
				843E2A292375CA0700379F0A /* TabBarCreator.swift */,
				843CDA0C237ECD0200B61E3F /* SearchFooterButton.swift */,
				84588EB824644FDB00805231 /* PaddingLabel.swift */,
				84588EBC2464604B00805231 /* ButtonWithStack.swift */,
				84588EBE2464656A00805231 /* TouchClearUIComponents.swift */,
			);
			path = UIElements;
			sourceTree = "<group>";
		};
		843D05DC235F449000E88B58 /* Protocols */ = {
			isa = PBXGroup;
			children = (
				843D66B1236196BE00AC8694 /* AuthenticationProtocols.swift */,
			);
			path = Protocols;
			sourceTree = "<group>";
		};
		843D05E1235F533900E88B58 /* Presenter */ = {
			isa = PBXGroup;
			children = (
				843D05E2235F53A000E88B58 /* AuthenticationPresenter.swift */,
			);
			path = Presenter;
			sourceTree = "<group>";
		};
		843D05E4235F549B00E88B58 /* Interactor */ = {
			isa = PBXGroup;
			children = (
				843D05E5235F54D600E88B58 /* AuthenticationInteractor.swift */,
			);
			path = Interactor;
			sourceTree = "<group>";
		};
		843D05E7235F57AD00E88B58 /* Router */ = {
			isa = PBXGroup;
			children = (
				843D66B32361ADC400AC8694 /* AuthenticationRouter.swift */,
			);
			path = Router;
			sourceTree = "<group>";
		};
		843D16E52359E0C000AEB3F9 /* CoreLayer */ = {
			isa = PBXGroup;
			children = (
			);
			path = CoreLayer;
			sourceTree = "<group>";
		};
		843D16E62359E0E200AEB3F9 /* PresentationLayer */ = {
			isa = PBXGroup;
			children = (
				845D2054235B55E0003B3F10 /* Common */,
				8419EAD223561BA00033B5B2 /* Authentication */,
				8419EAD323561BBA0033B5B2 /* ReposList */,
				843E2A2E2375D0C800379F0A /* ReposListStarred */,
				843DE60D237DA89200CC75A5 /* ReposSearch */,
				843F329723672A6A00AFB40F /* ReposPage */,
				845598C7243A3190000416FF /* FileSystem */,
				8445FC8D2462BF4200FA30F4 /* FileViewer */,
				8447675C239A94BD00EE93B1 /* IssuesList */,
				84D8D33D23A3E16A00B5DC13 /* IssuePage */,
				843F32852366F21100AFB40F /* ProfileEditor */,
			);
			path = PresentationLayer;
			sourceTree = "<group>";
		};
		843D16E72359E0F800AEB3F9 /* BusinessLogicLayer */ = {
			isa = PBXGroup;
			children = (
				843DDF402397F18000603AF8 /* LoadingCheckManager */,
				84430A2423952AB8007217D6 /* FileParser */,
				843BC299238D1D420018D002 /* FiltrationManager */,
				8440BC432379392B00EACA51 /* StarredRepositoryService */,
				843C82652363012C00469428 /* KeychainService */,
				84457ED52361E856005C2549 /* GitHubApi */,
			);
			path = BusinessLogicLayer;
			sourceTree = "<group>";
		};
		843DDF402397F18000603AF8 /* LoadingCheckManager */ = {
			isa = PBXGroup;
			children = (
				843DDF412397F23C00603AF8 /* LoadingCheckManagerProtocol.swift */,
				843DDF432397F4F200603AF8 /* LoadingCheckManager.swift */,
			);
			path = LoadingCheckManager;
			sourceTree = "<group>";
		};
		843DDF452397FA8800603AF8 /* LoadingView */ = {
			isa = PBXGroup;
			children = (
				843DDF462397FAE900603AF8 /* LoadingViewProtocol.swift */,
				843DDF482397FD8900603AF8 /* LoadingView.swift */,
			);
			path = LoadingView;
			sourceTree = "<group>";
		};
		843DE60D237DA89200CC75A5 /* ReposSearch */ = {
			isa = PBXGroup;
			children = (
				843DE612237DA8E200CC75A5 /* Protocols */,
				843DE611237DA8DB00CC75A5 /* Router */,
				843DE610237DA8D500CC75A5 /* Interactor */,
				843DE60F237DA8C000CC75A5 /* Presenter */,
				843DE60E237DA8B900CC75A5 /* View */,
			);
			path = ReposSearch;
			sourceTree = "<group>";
		};
		843DE60E237DA8B900CC75A5 /* View */ = {
			isa = PBXGroup;
			children = (
				843DE619237DAA2700CC75A5 /* ReposSearchViewController.swift */,
			);
			path = View;
			sourceTree = "<group>";
		};
		843DE60F237DA8C000CC75A5 /* Presenter */ = {
			isa = PBXGroup;
			children = (
				843DE617237DA9E400CC75A5 /* ReposSearchPresenter.swift */,
			);
			path = Presenter;
			sourceTree = "<group>";
		};
		843DE610237DA8D500CC75A5 /* Interactor */ = {
			isa = PBXGroup;
			children = (
				843DE615237DA98500CC75A5 /* ReposSearchInteractor.swift */,
			);
			path = Interactor;
			sourceTree = "<group>";
		};
		843DE611237DA8DB00CC75A5 /* Router */ = {
			isa = PBXGroup;
			children = (
				843DE61B237DAA5D00CC75A5 /* ReposSearchRouter.swift */,
			);
			path = Router;
			sourceTree = "<group>";
		};
		843DE612237DA8E200CC75A5 /* Protocols */ = {
			isa = PBXGroup;
			children = (
				843DE613237DA90500CC75A5 /* ReposSearchProtocols.swift */,
			);
			path = Protocols;
			sourceTree = "<group>";
		};
		843E1EEA2386E840000BFFC0 /* FiltersView */ = {
			isa = PBXGroup;
			children = (
				843FFC52238BFED000AE04B1 /* FiltersViewProtocol.swift */,
				843FFC50238BFEAB00AE04B1 /* FiltersView.swift */,
			);
			path = FiltersView;
			sourceTree = "<group>";
		};
		843E2A1D2375AF1700379F0A /* ReposTableViewer */ = {
			isa = PBXGroup;
			children = (
				843E2A1E2375B19D00379F0A /* ReposTableViewerProtocols.swift */,
				843E2A202375B4D100379F0A /* ReposTableViewer.swift */,
				843D05DA235F43BB00E88B58 /* RepositoryTableViewCell.swift */,
				843C0A3123689DA600774F91 /* AddictionalInformationStack.swift */,
			);
			path = ReposTableViewer;
			sourceTree = "<group>";
		};
		843E2A2E2375D0C800379F0A /* ReposListStarred */ = {
			isa = PBXGroup;
			children = (
				843E2A332375D12000379F0A /* Protocols */,
				843E2A322375D11500379F0A /* Router */,
				843E2A312375D10C00379F0A /* Interactor */,
				843E2A302375D10400379F0A /* Presenter */,
				843E2A2F2375D0F800379F0A /* View */,
			);
			path = ReposListStarred;
			sourceTree = "<group>";
		};
		843E2A2F2375D0F800379F0A /* View */ = {
			isa = PBXGroup;
			children = (
				843E2A3C2375D2EF00379F0A /* ReposListStarredViewController.swift */,
			);
			path = View;
			sourceTree = "<group>";
		};
		843E2A302375D10400379F0A /* Presenter */ = {
			isa = PBXGroup;
			children = (
				843E2A3A2375D29C00379F0A /* ReposListStarredPresenter.swift */,
			);
			path = Presenter;
			sourceTree = "<group>";
		};
		843E2A312375D10C00379F0A /* Interactor */ = {
			isa = PBXGroup;
			children = (
				843E2A382375D24B00379F0A /* ReposListStarredInteractor.swift */,
			);
			path = Interactor;
			sourceTree = "<group>";
		};
		843E2A322375D11500379F0A /* Router */ = {
			isa = PBXGroup;
			children = (
				843E2A362375D1DE00379F0A /* ReposListStarredRouter.swift */,
			);
			path = Router;
			sourceTree = "<group>";
		};
		843E2A332375D12000379F0A /* Protocols */ = {
			isa = PBXGroup;
			children = (
				843E2A342375D14B00379F0A /* ReposListStarredProtocols.swift */,
			);
			path = Protocols;
			sourceTree = "<group>";
		};
		843EA14723574EA9008A3E0E /* View */ = {
			isa = PBXGroup;
			children = (
				84476758239A6B6500EE93B1 /* ReposListViewController.swift */,
			);
			path = View;
			sourceTree = "<group>";
		};
		843EA14823574EB0008A3E0E /* Presenter */ = {
			isa = PBXGroup;
			children = (
				843EA150235756FA008A3E0E /* ReposListPresenter.swift */,
			);
			path = Presenter;
			sourceTree = "<group>";
		};
		843EA14923574EBE008A3E0E /* Interactor  */ = {
			isa = PBXGroup;
			children = (
				843EA14C23575040008A3E0E /* ReposListInteractor.swift */,
			);
			path = "Interactor ";
			sourceTree = "<group>";
		};
		843EA14A23574F36008A3E0E /* Router */ = {
			isa = PBXGroup;
			children = (
				843EA15223575D5B008A3E0E /* ReposListRouter.swift */,
			);
			path = Router;
			sourceTree = "<group>";
		};
		843EA14B23574FAF008A3E0E /* Protocols */ = {
			isa = PBXGroup;
			children = (
				843EA14E235750D1008A3E0E /* ReposListProtocols.swift */,
			);
			path = Protocols;
			sourceTree = "<group>";
		};
		843ECB0D23AFC28900BB6C54 /* NoContentView */ = {
			isa = PBXGroup;
			children = (
				843ECB1023AFC2BC00BB6C54 /* NoContentViewProtocol.swift */,
				843ECB1223AFC79300BB6C54 /* NoContentView.swift */,
			);
			path = NoContentView;
			sourceTree = "<group>";
		};
		843EE000237AF9F6003E0C5B /* ReposSearchController */ = {
			isa = PBXGroup;
			children = (
				843EE001237AFA78003E0C5B /* SearchController.swift */,
				843EE003237AFB49003E0C5B /* SearchControllerProtocol.swift */,
			);
			path = ReposSearchController;
			sourceTree = "<group>";
		};
		843F32852366F21100AFB40F /* ProfileEditor */ = {
			isa = PBXGroup;
			children = (
				843F32862366F25E00AFB40F /* Protocols */,
				843F32892366F4CC00AFB40F /* Router */,
				843F328A2366F4D500AFB40F /* Interactor */,
				843F328B2366F4E300AFB40F /* Presenter */,
				843F328C2366F4EB00AFB40F /* View */,
			);
			path = ProfileEditor;
			sourceTree = "<group>";
		};
		843F32862366F25E00AFB40F /* Protocols */ = {
			isa = PBXGroup;
			children = (
				843F32872366F28800AFB40F /* ProfileEditorProtocols.swift */,
			);
			path = Protocols;
			sourceTree = "<group>";
		};
		843F32892366F4CC00AFB40F /* Router */ = {
			isa = PBXGroup;
			children = (
				843F328D2366F52A00AFB40F /* ProfileEditorRouter.swift */,
			);
			path = Router;
			sourceTree = "<group>";
		};
		843F328A2366F4D500AFB40F /* Interactor */ = {
			isa = PBXGroup;
			children = (
				843F328F2366FB3C00AFB40F /* ProfileEditorInteractor.swift */,
			);
			path = Interactor;
			sourceTree = "<group>";
		};
		843F328B2366F4E300AFB40F /* Presenter */ = {
			isa = PBXGroup;
			children = (
				843F32912366FC0F00AFB40F /* ProfileEditorPresenter.swift */,
			);
			path = Presenter;
			sourceTree = "<group>";
		};
		843F328C2366F4EB00AFB40F /* View */ = {
			isa = PBXGroup;
			children = (
				843F3293236701A900AFB40F /* ProfileEditorViewController.swift */,
				843F3295236703D100AFB40F /* ProfileEditorStackView.swift */,
			);
			path = View;
			sourceTree = "<group>";
		};
		843F329723672A6A00AFB40F /* ReposPage */ = {
			isa = PBXGroup;
			children = (
				843F329823672ABB00AFB40F /* Protocols */,
				843F32A0236744CC00AFB40F /* Router */,
				843F329F236744C300AFB40F /* Interactor */,
				843F329E236744B800AFB40F /* Presenter */,
				843F329D236744A600AFB40F /* View */,
			);
			path = ReposPage;
			sourceTree = "<group>";
		};
		843F329823672ABB00AFB40F /* Protocols */ = {
			isa = PBXGroup;
			children = (
				843F329923672ADF00AFB40F /* ReposPageProtocols.swift */,
			);
			path = Protocols;
			sourceTree = "<group>";
		};
		843F329D236744A600AFB40F /* View */ = {
			isa = PBXGroup;
			children = (
				843C0A2F2368780D00774F91 /* ReposPageViewController.swift */,
			);
			path = View;
			sourceTree = "<group>";
		};
		843F329E236744B800AFB40F /* Presenter */ = {
			isa = PBXGroup;
			children = (
				843C0A2D236877CB00774F91 /* ReposPagePresenter.swift */,
			);
			path = Presenter;
			sourceTree = "<group>";
		};
		843F329F236744C300AFB40F /* Interactor */ = {
			isa = PBXGroup;
			children = (
				843C0A2B2368771900774F91 /* ReposPageInteractor.swift */,
			);
			path = Interactor;
			sourceTree = "<group>";
		};
		843F32A0236744CC00AFB40F /* Router */ = {
			isa = PBXGroup;
			children = (
				843F32A1236747A500AFB40F /* ReposPageRouter.swift */,
			);
			path = Router;
			sourceTree = "<group>";
		};
		843F3B662373282400F74B8D /* Constants */ = {
			isa = PBXGroup;
			children = (
				843F3B672373286600F74B8D /* Colors.swift */,
			);
			path = Constants;
			sourceTree = "<group>";
		};
		8440BC432379392B00EACA51 /* StarredRepositoryService */ = {
			isa = PBXGroup;
			children = (
				8440BC442379398900EACA51 /* StarredRepositoryServiceProtocol.swift */,
				8440BC4823793E1200EACA51 /* StarredRepositoryService.swift */,
			);
			path = StarredRepositoryService;
			sourceTree = "<group>";
		};
		84430A2423952AB8007217D6 /* FileParser */ = {
			isa = PBXGroup;
			children = (
				84430A2523952AF6007217D6 /* FileParserProtocol.swift */,
				84430A2723952B99007217D6 /* GitHubFileParser.swift */,
			);
			path = FileParser;
			sourceTree = "<group>";
		};
		84457ED52361E856005C2549 /* GitHubApi */ = {
			isa = PBXGroup;
			children = (
				843D66AF23618C6300AC8694 /* GitHubApiServiceProtocol.swift */,
				8444A1D62390258400D5037B /* GitHubApiService.swift */,
			);
			path = GitHubApi;
			sourceTree = "<group>";
		};
		84457ED62361E864005C2549 /* ScreensRouter */ = {
			isa = PBXGroup;
			children = (
				84457EDD2361F3BD005C2549 /* ScreensRouterProtocol.swift */,
				84457ED72361E8B2005C2549 /* ScreensRouter.swift */,
				84457EDB2361EE8F005C2549 /* DependentRouterProtocol.swift */,
			);
			path = ScreensRouter;
			sourceTree = "<group>";
		};
		8445FC8D2462BF4200FA30F4 /* FileViewer */ = {
			isa = PBXGroup;
			children = (
				8445FC932462BF4200FA30F4 /* Protocols */,
				8445FC972462BF4200FA30F4 /* Router */,
				8445FC952462BF4200FA30F4 /* Interactor */,
				8445FC8E2462BF4200FA30F4 /* Presenter */,
				8445FC902462BF4200FA30F4 /* View */,
			);
			path = FileViewer;
			sourceTree = "<group>";
		};
		8445FC8E2462BF4200FA30F4 /* Presenter */ = {
			isa = PBXGroup;
			children = (
				8445FC8F2462BF4200FA30F4 /* FileViewerPresenter.swift */,
			);
			path = Presenter;
			sourceTree = "<group>";
		};
		8445FC902462BF4200FA30F4 /* View */ = {
			isa = PBXGroup;
			children = (
				8445FC912462BF4200FA30F4 /* FileViewerView.swift */,
				8445FC922462BF4200FA30F4 /* FileViewerViewController.swift */,
			);
			path = View;
			sourceTree = "<group>";
		};
		8445FC932462BF4200FA30F4 /* Protocols */ = {
			isa = PBXGroup;
			children = (
				8445FC942462BF4200FA30F4 /* FileViewerProtocols.swift */,
			);
			path = Protocols;
			sourceTree = "<group>";
		};
		8445FC952462BF4200FA30F4 /* Interactor */ = {
			isa = PBXGroup;
			children = (
				8445FC962462BF4200FA30F4 /* FileViewerInteractor.swift */,
			);
			path = Interactor;
			sourceTree = "<group>";
		};
		8445FC972462BF4200FA30F4 /* Router */ = {
			isa = PBXGroup;
			children = (
				8445FC982462BF4200FA30F4 /* FileViewerRouter.swift */,
			);
			path = Router;
			sourceTree = "<group>";
		};
		84476757239A687000EE93B1 /* Constants */ = {
			isa = PBXGroup;
			children = (
			);
			path = Constants;
			sourceTree = "<group>";
		};
		8447675C239A94BD00EE93B1 /* IssuesList */ = {
			isa = PBXGroup;
			children = (
				84476763239A956300EE93B1 /* Protocols */,
				84476762239A955900EE93B1 /* Router */,
				84476761239A954800EE93B1 /* Interactor */,
				8447675F239A953500EE93B1 /* Presenter */,
				8447675E239A94ED00EE93B1 /* View */,
			);
			path = IssuesList;
			sourceTree = "<group>";
		};
		8447675E239A94ED00EE93B1 /* View */ = {
			isa = PBXGroup;
			children = (
				84476766239AA13600EE93B1 /* IssuesListViewController.swift */,
				8451E09823A12B4700DF8F51 /* IssueTableViewCell.swift */,
			);
			path = View;
			sourceTree = "<group>";
		};
		8447675F239A953500EE93B1 /* Presenter */ = {
			isa = PBXGroup;
			children = (
				84476768239AA15000EE93B1 /* IssuesListPresenter.swift */,
			);
			path = Presenter;
			sourceTree = "<group>";
		};
		84476761239A954800EE93B1 /* Interactor */ = {
			isa = PBXGroup;
			children = (
				84D9ABBE23A3934A0055AC1B /* IssuesListInteractor.swift */,
			);
			path = Interactor;
			sourceTree = "<group>";
		};
		84476762239A955900EE93B1 /* Router */ = {
			isa = PBXGroup;
			children = (
				8447676C239AA17100EE93B1 /* IssuesListRouter.swift */,
			);
			path = Router;
			sourceTree = "<group>";
		};
		84476763239A956300EE93B1 /* Protocols */ = {
			isa = PBXGroup;
			children = (
				84476764239A95AC00EE93B1 /* IssuesListProtocols.swift */,
			);
			path = Protocols;
			sourceTree = "<group>";
		};
		845598C7243A3190000416FF /* FileSystem */ = {
			isa = PBXGroup;
			children = (
				845598CD243A3190000416FF /* Protocols */,
				845598D1243A3190000416FF /* Router */,
				845598CF243A3190000416FF /* Interactor */,
				845598C8243A3190000416FF /* Presenter */,
				845598CA243A3190000416FF /* View */,
			);
			path = FileSystem;
			sourceTree = "<group>";
		};
		845598C8243A3190000416FF /* Presenter */ = {
			isa = PBXGroup;
			children = (
				845598C9243A3190000416FF /* FileSystemPresenter.swift */,
			);
			path = Presenter;
			sourceTree = "<group>";
		};
		845598CA243A3190000416FF /* View */ = {
			isa = PBXGroup;
			children = (
				845598CB243A3190000416FF /* FileSystemView.swift */,
				845598CC243A3190000416FF /* FileSystemViewController.swift */,
				844D52042461E9FB002CADB7 /* FileSystemCollectionView.swift */,
				844D52062461EB70002CADB7 /* DirectoryCollectionViewCell.swift */,
			);
			path = View;
			sourceTree = "<group>";
		};
		845598CD243A3190000416FF /* Protocols */ = {
			isa = PBXGroup;
			children = (
				845598CE243A3190000416FF /* FileSystemProtocols.swift */,
			);
			path = Protocols;
			sourceTree = "<group>";
		};
		845598CF243A3190000416FF /* Interactor */ = {
			isa = PBXGroup;
			children = (
				845598D0243A3190000416FF /* FileSystemInteractor.swift */,
			);
			path = Interactor;
			sourceTree = "<group>";
		};
		845598D1243A3190000416FF /* Router */ = {
			isa = PBXGroup;
			children = (
				845598D2243A3190000416FF /* FileSystemRouter.swift */,
			);
			path = Router;
			sourceTree = "<group>";
		};
		845D204B235B3FD4003B3F10 /* View */ = {
			isa = PBXGroup;
			children = (
				845D2059235B654E003B3F10 /* AuthenticationForm.swift */,
				843D05DF235F531800E88B58 /* AuthenticationViewController.swift */,
			);
			path = View;
			sourceTree = "<group>";
		};
		845D2054235B55E0003B3F10 /* Common */ = {
			isa = PBXGroup;
			children = (
				843F3B662373282400F74B8D /* Constants */,
				843C826D23631D0A00469428 /* Localization */,
				843C8271236325E000469428 /* UIElements */,
			);
			path = Common;
			sourceTree = "<group>";
		};
		84D8D33D23A3E16A00B5DC13 /* IssuePage */ = {
			isa = PBXGroup;
			children = (
				84D8D33E23A3E26D00B5DC13 /* IssuePageProtocols */,
				84D8D34223A3E2C300B5DC13 /* IssuePageRouter */,
				84D8D34123A3E2BA00B5DC13 /* IssuePageInteractor */,
				84D8D34023A3E2AD00B5DC13 /* IssuePagePresenter */,
				84D8D33F23A3E28100B5DC13 /* IssuePageView */,
			);
			path = IssuePage;
			sourceTree = "<group>";
		};
		84D8D33E23A3E26D00B5DC13 /* IssuePageProtocols */ = {
			isa = PBXGroup;
			children = (
				84D8D34323A3E2ED00B5DC13 /* IssuePageProtocols.swift */,
			);
			path = IssuePageProtocols;
			sourceTree = "<group>";
		};
		84D8D33F23A3E28100B5DC13 /* IssuePageView */ = {
			isa = PBXGroup;
			children = (
				84D8D34723A3EA9600B5DC13 /* IssuePageViewController.swift */,
			);
			path = IssuePageView;
			sourceTree = "<group>";
		};
		84D8D34023A3E2AD00B5DC13 /* IssuePagePresenter */ = {
			isa = PBXGroup;
			children = (
				84D8D34923A3ECF000B5DC13 /* IssuePagePresenter.swift */,
			);
			path = IssuePagePresenter;
			sourceTree = "<group>";
		};
		84D8D34123A3E2BA00B5DC13 /* IssuePageInteractor */ = {
			isa = PBXGroup;
			children = (
				84D8D34B23A3EE1800B5DC13 /* IssuePageInteractor.swift */,
			);
			path = IssuePageInteractor;
			sourceTree = "<group>";
		};
		84D8D34223A3E2C300B5DC13 /* IssuePageRouter */ = {
			isa = PBXGroup;
			children = (
				84D8D34D23A3EE7100B5DC13 /* IssuePageRouter.swift */,
			);
			path = IssuePageRouter;
			sourceTree = "<group>";
		};
		BF29FEFE1A2A966C6EEE4C87 /* Pods */ = {
			isa = PBXGroup;
			children = (
				15D99DAB4812D76ABFFDCD1C /* Pods-GitManager.debug.xcconfig */,
				6B517910924517F8B7519667 /* Pods-GitManager.release.xcconfig */,
			);
			path = Pods;
			sourceTree = "<group>";
		};
/* End PBXGroup section */

/* Begin PBXNativeTarget section */
		8419EA9C2356163B0033B5B2 /* GitManager */ = {
			isa = PBXNativeTarget;
			buildConfigurationList = 8419EAC72356163E0033B5B2 /* Build configuration list for PBXNativeTarget "GitManager" */;
			buildPhases = (
				1DAB097ECB1BA32BA4A818DB /* [CP] Check Pods Manifest.lock */,
				8419EA992356163B0033B5B2 /* Sources */,
				8419EA9A2356163B0033B5B2 /* Frameworks */,
				8419EA9B2356163B0033B5B2 /* Resources */,
				0CE00D283D8705E102DC9AB8 /* [CP] Copy Pods Resources */,
			);
			buildRules = (
			);
			dependencies = (
			);
			name = GitManager;
			productName = GitManager;
			productReference = 8419EA9D2356163B0033B5B2 /* GitManager.app */;
			productType = "com.apple.product-type.application";
		};
		8419EAB22356163D0033B5B2 /* GitManagerTests */ = {
			isa = PBXNativeTarget;
			buildConfigurationList = 8419EACA2356163E0033B5B2 /* Build configuration list for PBXNativeTarget "GitManagerTests" */;
			buildPhases = (
				8419EAAF2356163D0033B5B2 /* Sources */,
				8419EAB02356163D0033B5B2 /* Frameworks */,
				8419EAB12356163D0033B5B2 /* Resources */,
			);
			buildRules = (
			);
			dependencies = (
				8419EAB52356163D0033B5B2 /* PBXTargetDependency */,
			);
			name = GitManagerTests;
			productName = GitManagerTests;
			productReference = 8419EAB32356163D0033B5B2 /* GitManagerTests.xctest */;
			productType = "com.apple.product-type.bundle.unit-test";
		};
		8419EABD2356163E0033B5B2 /* GitManagerUITests */ = {
			isa = PBXNativeTarget;
			buildConfigurationList = 8419EACD2356163E0033B5B2 /* Build configuration list for PBXNativeTarget "GitManagerUITests" */;
			buildPhases = (
				8419EABA2356163E0033B5B2 /* Sources */,
				8419EABB2356163E0033B5B2 /* Frameworks */,
				8419EABC2356163E0033B5B2 /* Resources */,
			);
			buildRules = (
			);
			dependencies = (
				8419EAC02356163E0033B5B2 /* PBXTargetDependency */,
			);
			name = GitManagerUITests;
			productName = GitManagerUITests;
			productReference = 8419EABE2356163E0033B5B2 /* GitManagerUITests.xctest */;
			productType = "com.apple.product-type.bundle.ui-testing";
		};
/* End PBXNativeTarget section */

/* Begin PBXProject section */
		8419EA952356163B0033B5B2 /* Project object */ = {
			isa = PBXProject;
			attributes = {
				LastSwiftUpdateCheck = 1110;
				LastUpgradeCheck = 1110;
				ORGANIZATIONNAME = "Антон Текутов";
				TargetAttributes = {
					8419EA9C2356163B0033B5B2 = {
						CreatedOnToolsVersion = 11.1;
					};
					8419EAB22356163D0033B5B2 = {
						CreatedOnToolsVersion = 11.1;
						TestTargetID = 8419EA9C2356163B0033B5B2;
					};
					8419EABD2356163E0033B5B2 = {
						CreatedOnToolsVersion = 11.1;
						TestTargetID = 8419EA9C2356163B0033B5B2;
					};
				};
			};
			buildConfigurationList = 8419EA982356163B0033B5B2 /* Build configuration list for PBXProject "GitManager" */;
			compatibilityVersion = "Xcode 9.3";
			developmentRegion = en;
			hasScannedForEncodings = 0;
			knownRegions = (
				en,
				Base,
				"ru-RU",
			);
			mainGroup = 8419EA942356163B0033B5B2;
			productRefGroup = 8419EA9E2356163B0033B5B2 /* Products */;
			projectDirPath = "";
			projectRoot = "";
			targets = (
				8419EA9C2356163B0033B5B2 /* GitManager */,
				8419EAB22356163D0033B5B2 /* GitManagerTests */,
				8419EABD2356163E0033B5B2 /* GitManagerUITests */,
			);
		};
/* End PBXProject section */

/* Begin PBXResourcesBuildPhase section */
		8419EA9B2356163B0033B5B2 /* Resources */ = {
			isa = PBXResourcesBuildPhase;
			buildActionMask = 2147483647;
			files = (
				8419EAAD2356163D0033B5B2 /* LaunchScreen.storyboard in Resources */,
				8489DB392363423500C089B4 /* Localizable.strings in Resources */,
				8419EAAA2356163D0033B5B2 /* Assets.xcassets in Resources */,
			);
			runOnlyForDeploymentPostprocessing = 0;
		};
		8419EAB12356163D0033B5B2 /* Resources */ = {
			isa = PBXResourcesBuildPhase;
			buildActionMask = 2147483647;
			files = (
			);
			runOnlyForDeploymentPostprocessing = 0;
		};
		8419EABC2356163E0033B5B2 /* Resources */ = {
			isa = PBXResourcesBuildPhase;
			buildActionMask = 2147483647;
			files = (
			);
			runOnlyForDeploymentPostprocessing = 0;
		};
/* End PBXResourcesBuildPhase section */

/* Begin PBXShellScriptBuildPhase section */
		0CE00D283D8705E102DC9AB8 /* [CP] Copy Pods Resources */ = {
			isa = PBXShellScriptBuildPhase;
			buildActionMask = 2147483647;
			files = (
			);
			inputFileListPaths = (
				"${PODS_ROOT}/Target Support Files/Pods-GitManager/Pods-GitManager-resources-${CONFIGURATION}-input-files.xcfilelist",
			);
			name = "[CP] Copy Pods Resources";
			outputFileListPaths = (
				"${PODS_ROOT}/Target Support Files/Pods-GitManager/Pods-GitManager-resources-${CONFIGURATION}-output-files.xcfilelist",
			);
			runOnlyForDeploymentPostprocessing = 0;
			shellPath = /bin/sh;
			shellScript = "\"${PODS_ROOT}/Target Support Files/Pods-GitManager/Pods-GitManager-resources.sh\"\n";
			showEnvVarsInLog = 0;
		};
		1DAB097ECB1BA32BA4A818DB /* [CP] Check Pods Manifest.lock */ = {
			isa = PBXShellScriptBuildPhase;
			buildActionMask = 2147483647;
			files = (
			);
			inputFileListPaths = (
			);
			inputPaths = (
				"${PODS_PODFILE_DIR_PATH}/Podfile.lock",
				"${PODS_ROOT}/Manifest.lock",
			);
			name = "[CP] Check Pods Manifest.lock";
			outputFileListPaths = (
			);
			outputPaths = (
				"$(DERIVED_FILE_DIR)/Pods-GitManager-checkManifestLockResult.txt",
			);
			runOnlyForDeploymentPostprocessing = 0;
			shellPath = /bin/sh;
			shellScript = "diff \"${PODS_PODFILE_DIR_PATH}/Podfile.lock\" \"${PODS_ROOT}/Manifest.lock\" > /dev/null\nif [ $? != 0 ] ; then\n    # print error to STDERR\n    echo \"error: The sandbox is not in sync with the Podfile.lock. Run 'pod install' or update your CocoaPods installation.\" >&2\n    exit 1\nfi\n# This output is used by Xcode 'outputs' to avoid re-running this script phase.\necho \"SUCCESS\" > \"${SCRIPT_OUTPUT_FILE_0}\"\n";
			showEnvVarsInLog = 0;
		};
/* End PBXShellScriptBuildPhase section */

/* Begin PBXSourcesBuildPhase section */
		8419EA992356163B0033B5B2 /* Sources */ = {
			isa = PBXSourcesBuildPhase;
			buildActionMask = 2147483647;
			files = (
				843ECB1323AFC79300BB6C54 /* NoContentView.swift in Sources */,
				843DE616237DA98500CC75A5 /* ReposSearchInteractor.swift in Sources */,
				843C82692363037200469428 /* KeychainService.swift in Sources */,
				843C0A2C2368771900774F91 /* ReposPageInteractor.swift in Sources */,
				8447675B239A747F00EE93B1 /* Issue.swift in Sources */,
				845598D8243A3190000416FF /* FileSystemRouter.swift in Sources */,
				84588EBF2464656A00805231 /* TouchClearUIComponents.swift in Sources */,
				84457EDC2361EE8F005C2549 /* DependentRouterProtocol.swift in Sources */,
				843F32882366F28800AFB40F /* ProfileEditorProtocols.swift in Sources */,
				843D66B023618C6300AC8694 /* GitHubApiServiceProtocol.swift in Sources */,
				843D66B42361ADC400AC8694 /* AuthenticationRouter.swift in Sources */,
				84588EBD2464604B00805231 /* ButtonWithStack.swift in Sources */,
				84D9ABBF23A3934A0055AC1B /* IssuesListInteractor.swift in Sources */,
				84457EDE2361F3BD005C2549 /* ScreensRouterProtocol.swift in Sources */,
				8445FC9A2462BF4200FA30F4 /* FileViewerView.swift in Sources */,
				843E2A372375D1DE00379F0A /* ReposListStarredRouter.swift in Sources */,
				843CDA0D237ECD0200B61E3F /* SearchFooterButton.swift in Sources */,
				843ECB1123AFC2BC00BB6C54 /* NoContentViewProtocol.swift in Sources */,
				843F3296236703D100AFB40F /* ProfileEditorStackView.swift in Sources */,
				84476769239AA15000EE93B1 /* IssuesListPresenter.swift in Sources */,
				84430A2623952AF6007217D6 /* FileParserProtocol.swift in Sources */,
				8451E09923A12B4700DF8F51 /* IssueTableViewCell.swift in Sources */,
				8445FC9D2462BF4200FA30F4 /* FileViewerInteractor.swift in Sources */,
				84481AFE238EB42A00DFE6AD /* UIStackViewBackground.swift in Sources */,
				843F32922366FC0F00AFB40F /* ProfileEditorPresenter.swift in Sources */,
				843E2A2A2375CA0700379F0A /* TabBarCreator.swift in Sources */,
				844D52072461EB71002CADB7 /* DirectoryCollectionViewCell.swift in Sources */,
				843C0A302368780D00774F91 /* ReposPageViewController.swift in Sources */,
				845D2056235B56B6003B3F10 /* TwoStateButton.swift in Sources */,
				84D8D34C23A3EE1900B5DC13 /* IssuePageInteractor.swift in Sources */,
				843EA151235756FA008A3E0E /* ReposListPresenter.swift in Sources */,
				84D8D34E23A3EE7100B5DC13 /* IssuePageRouter.swift in Sources */,
				843F328E2366F52A00AFB40F /* ProfileEditorRouter.swift in Sources */,
				843C0A2E236877CB00774F91 /* ReposPagePresenter.swift in Sources */,
				84D8D34823A3EA9600B5DC13 /* IssuePageViewController.swift in Sources */,
				84476767239AA13600EE93B1 /* IssuesListViewController.swift in Sources */,
				84476759239A6B6500EE93B1 /* ReposListViewController.swift in Sources */,
				843D05E3235F53A000E88B58 /* AuthenticationPresenter.swift in Sources */,
				8445FC9E2462BF4200FA30F4 /* FileViewerRouter.swift in Sources */,
				8444A1D72390258400D5037B /* GitHubApiService.swift in Sources */,
				843FFC4D238BFD2900AE04B1 /* FiltrationManager.swift in Sources */,
				843DDF422397F23C00603AF8 /* LoadingCheckManagerProtocol.swift in Sources */,
				8440BC452379398900EACA51 /* StarredRepositoryServiceProtocol.swift in Sources */,
				84430A2823952B99007217D6 /* GitHubFileParser.swift in Sources */,
				844C22FE245E49CB0003B3B3 /* Directory.swift in Sources */,
				843DE618237DA9E400CC75A5 /* ReposSearchPresenter.swift in Sources */,
				843F32902366FB3C00AFB40F /* ProfileEditorInteractor.swift in Sources */,
				845598D5243A3190000416FF /* FileSystemViewController.swift in Sources */,
				84D8D33C23A3B49E00B5DC13 /* InputDialog.swift in Sources */,
				843F3294236701A900AFB40F /* ProfileEditorViewController.swift in Sources */,
				84D8D34A23A3ECF000B5DC13 /* IssuePagePresenter.swift in Sources */,
				8440BC4923793E1200EACA51 /* StarredRepositoryService.swift in Sources */,
				844D52032461E71A002CADB7 /* UIViewController+setTitle.swift in Sources */,
				843DE61C237DAA5D00CC75A5 /* ReposSearchRouter.swift in Sources */,
				845598D6243A3190000416FF /* FileSystemProtocols.swift in Sources */,
				84FC0ABE23AA8F70002783F5 /* KeyboardHiding.swift in Sources */,
				843D05DB235F43BB00E88B58 /* RepositoryTableViewCell.swift in Sources */,
				843EA15323575D5B008A3E0E /* ReposListRouter.swift in Sources */,
				843D05E6235F54D600E88B58 /* AuthenticationInteractor.swift in Sources */,
				843D66B2236196BE00AC8694 /* AuthenticationProtocols.swift in Sources */,
				843FFC51238BFEAB00AE04B1 /* FiltersView.swift in Sources */,
				845598D4243A3190000416FF /* FileSystemView.swift in Sources */,
				8445FC992462BF4200FA30F4 /* FileViewerPresenter.swift in Sources */,
				845598D7243A3190000416FF /* FileSystemInteractor.swift in Sources */,
				84430A2323950F78007217D6 /* SubstringSearching.swift in Sources */,
				8419EAD8235620050033B5B2 /* Repository.swift in Sources */,
				84588EB924644FDB00805231 /* PaddingLabel.swift in Sources */,
				843EE002237AFA78003E0C5B /* SearchController.swift in Sources */,
				843DDF442397F4F200603AF8 /* LoadingCheckManager.swift in Sources */,
				843F3B682373286600F74B8D /* Colors.swift in Sources */,
				8445FC9C2462BF4200FA30F4 /* FileViewerProtocols.swift in Sources */,
				843F329C2367423300AFB40F /* UrlImageGetter.swift in Sources */,
				843E2A352375D14B00379F0A /* ReposListStarredProtocols.swift in Sources */,
				843E2A3B2375D29C00379F0A /* ReposListStarredPresenter.swift in Sources */,
				843DE614237DA90500CC75A5 /* ReposSearchProtocols.swift in Sources */,
				843C0A3223689DA600774F91 /* AddictionalInformationStack.swift in Sources */,
				843C82672363026B00469428 /* KeychainServiceProtocol.swift in Sources */,
				843E2A1F2375B19D00379F0A /* ReposTableViewerProtocols.swift in Sources */,
				843C1AA6236AFFCF00F2D4DD /* StringToBase64.swift in Sources */,
				843D16E92359FF7200AEB3F9 /* GitUser.swift in Sources */,
				843EA14D23575040008A3E0E /* ReposListInteractor.swift in Sources */,
				8447676D239AA17100EE93B1 /* IssuesListRouter.swift in Sources */,
				843EE004237AFB49003E0C5B /* SearchControllerProtocol.swift in Sources */,
				843E2A212375B4D100379F0A /* ReposTableViewer.swift in Sources */,
				845D2051235B4AC4003B3F10 /* ColorFromStringARGB.swift in Sources */,
				84D8D34423A3E2ED00B5DC13 /* IssuePageProtocols.swift in Sources */,
				843D05E0235F531800E88B58 /* AuthenticationViewController.swift in Sources */,
				843E2A3D2375D2EF00379F0A /* ReposListStarredViewController.swift in Sources */,
				845D205A235B654E003B3F10 /* AuthenticationForm.swift in Sources */,
				845598D3243A3190000416FF /* FileSystemPresenter.swift in Sources */,
				843FFC4F238BFDD100AE04B1 /* FiltrationManagerProtocol.swift in Sources */,
				8419EAA12356163B0033B5B2 /* AppDelegate.swift in Sources */,
				844D52052461E9FB002CADB7 /* FileSystemCollectionView.swift in Sources */,
				843F3B65237304B900F74B8D /* ClearUIStackViewArrangedSubviews.swift in Sources */,
				843EA14F235750D1008A3E0E /* ReposListProtocols.swift in Sources */,
				844D51FD2461CD57002CADB7 /* UIViewController+alert.swift in Sources */,
				843DDF472397FAE900603AF8 /* LoadingViewProtocol.swift in Sources */,
				843DDF492397FD8900603AF8 /* LoadingView.swift in Sources */,
				84D8D34623A3E69900B5DC13 /* IssueComment.swift in Sources */,
				84FC0AC023AA9EA7002783F5 /* ScrollToEnd.swift in Sources */,
				84476765239A95AC00EE93B1 /* IssuesListProtocols.swift in Sources */,
				843F32A2236747A500AFB40F /* ReposPageRouter.swift in Sources */,
				843DE61A237DAA2700CC75A5 /* ReposSearchViewController.swift in Sources */,
				843C688723A10F6F001EE3EF /* UIViewConstraints.swift in Sources */,
				843FFC53238BFED000AE04B1 /* FiltersViewProtocol.swift in Sources */,
				843F329A23672ADF00AFB40F /* ReposPageProtocols.swift in Sources */,
				843E2A392375D24B00379F0A /* ReposListStarredInteractor.swift in Sources */,
				8440BC4B2379872000EACA51 /* AppConfig.swift in Sources */,
				8445FC9B2462BF4200FA30F4 /* FileViewerViewController.swift in Sources */,
				84457ED82361E8B2005C2549 /* ScreensRouter.swift in Sources */,
				843F3B6A23732DC200F74B8D /* Designer.swift in Sources */,
			);
			runOnlyForDeploymentPostprocessing = 0;
		};
		8419EAAF2356163D0033B5B2 /* Sources */ = {
			isa = PBXSourcesBuildPhase;
			buildActionMask = 2147483647;
			files = (
				8419EAB82356163D0033B5B2 /* GitManagerTests.swift in Sources */,
			);
			runOnlyForDeploymentPostprocessing = 0;
		};
		8419EABA2356163E0033B5B2 /* Sources */ = {
			isa = PBXSourcesBuildPhase;
			buildActionMask = 2147483647;
			files = (
				8419EAC32356163E0033B5B2 /* GitManagerUITests.swift in Sources */,
			);
			runOnlyForDeploymentPostprocessing = 0;
		};
/* End PBXSourcesBuildPhase section */

/* Begin PBXTargetDependency section */
		8419EAB52356163D0033B5B2 /* PBXTargetDependency */ = {
			isa = PBXTargetDependency;
			target = 8419EA9C2356163B0033B5B2 /* GitManager */;
			targetProxy = 8419EAB42356163D0033B5B2 /* PBXContainerItemProxy */;
		};
		8419EAC02356163E0033B5B2 /* PBXTargetDependency */ = {
			isa = PBXTargetDependency;
			target = 8419EA9C2356163B0033B5B2 /* GitManager */;
			targetProxy = 8419EABF2356163E0033B5B2 /* PBXContainerItemProxy */;
		};
/* End PBXTargetDependency section */

/* Begin PBXVariantGroup section */
		8419EAAB2356163D0033B5B2 /* LaunchScreen.storyboard */ = {
			isa = PBXVariantGroup;
			children = (
				8419EAAC2356163D0033B5B2 /* Base */,
			);
			name = LaunchScreen.storyboard;
			sourceTree = "<group>";
		};
		8489DB372363423500C089B4 /* Localizable.strings */ = {
			isa = PBXVariantGroup;
			children = (
				8489DB3A2363424700C089B4 /* ru-RU */,
			);
			name = Localizable.strings;
			sourceTree = "<group>";
		};
/* End PBXVariantGroup section */

/* Begin XCBuildConfiguration section */
		8419EAC52356163E0033B5B2 /* Debug */ = {
			isa = XCBuildConfiguration;
			buildSettings = {
				ALWAYS_SEARCH_USER_PATHS = NO;
				CLANG_ANALYZER_LOCALIZABILITY_NONLOCALIZED = YES;
				CLANG_ANALYZER_NONNULL = YES;
				CLANG_ANALYZER_NUMBER_OBJECT_CONVERSION = YES_AGGRESSIVE;
				CLANG_CXX_LANGUAGE_STANDARD = "gnu++14";
				CLANG_CXX_LIBRARY = "libc++";
				CLANG_ENABLE_MODULES = YES;
				CLANG_ENABLE_OBJC_ARC = YES;
				CLANG_ENABLE_OBJC_WEAK = YES;
				CLANG_WARN_BLOCK_CAPTURE_AUTORELEASING = YES;
				CLANG_WARN_BOOL_CONVERSION = YES;
				CLANG_WARN_COMMA = YES;
				CLANG_WARN_CONSTANT_CONVERSION = YES;
				CLANG_WARN_DEPRECATED_OBJC_IMPLEMENTATIONS = YES;
				CLANG_WARN_DIRECT_OBJC_ISA_USAGE = YES_ERROR;
				CLANG_WARN_DOCUMENTATION_COMMENTS = YES;
				CLANG_WARN_EMPTY_BODY = YES;
				CLANG_WARN_ENUM_CONVERSION = YES;
				CLANG_WARN_INFINITE_RECURSION = YES;
				CLANG_WARN_INT_CONVERSION = YES;
				CLANG_WARN_NON_LITERAL_NULL_CONVERSION = YES;
				CLANG_WARN_OBJC_IMPLICIT_RETAIN_SELF = YES;
				CLANG_WARN_OBJC_LITERAL_CONVERSION = YES;
				CLANG_WARN_OBJC_ROOT_CLASS = YES_ERROR;
				CLANG_WARN_RANGE_LOOP_ANALYSIS = YES;
				CLANG_WARN_STRICT_PROTOTYPES = YES;
				CLANG_WARN_SUSPICIOUS_MOVE = YES;
				CLANG_WARN_UNGUARDED_AVAILABILITY = YES_AGGRESSIVE;
				CLANG_WARN_UNREACHABLE_CODE = YES;
				CLANG_WARN__DUPLICATE_METHOD_MATCH = YES;
				COPY_PHASE_STRIP = NO;
				DEBUG_INFORMATION_FORMAT = dwarf;
				ENABLE_STRICT_OBJC_MSGSEND = YES;
				ENABLE_TESTABILITY = YES;
				GCC_C_LANGUAGE_STANDARD = gnu11;
				GCC_DYNAMIC_NO_PIC = NO;
				GCC_NO_COMMON_BLOCKS = YES;
				GCC_OPTIMIZATION_LEVEL = 0;
				GCC_PREPROCESSOR_DEFINITIONS = (
					"DEBUG=1",
					"$(inherited)",
				);
				GCC_WARN_64_TO_32_BIT_CONVERSION = YES;
				GCC_WARN_ABOUT_RETURN_TYPE = YES_ERROR;
				GCC_WARN_UNDECLARED_SELECTOR = YES;
				GCC_WARN_UNINITIALIZED_AUTOS = YES_AGGRESSIVE;
				GCC_WARN_UNUSED_FUNCTION = YES;
				GCC_WARN_UNUSED_VARIABLE = YES;
				IPHONEOS_DEPLOYMENT_TARGET = 11.0;
				MTL_ENABLE_DEBUG_INFO = INCLUDE_SOURCE;
				MTL_FAST_MATH = YES;
				ONLY_ACTIVE_ARCH = YES;
				SDKROOT = iphoneos;
				SWIFT_ACTIVE_COMPILATION_CONDITIONS = DEBUG;
				SWIFT_OPTIMIZATION_LEVEL = "-Onone";
			};
			name = Debug;
		};
		8419EAC62356163E0033B5B2 /* Release */ = {
			isa = XCBuildConfiguration;
			buildSettings = {
				ALWAYS_SEARCH_USER_PATHS = NO;
				CLANG_ANALYZER_LOCALIZABILITY_NONLOCALIZED = YES;
				CLANG_ANALYZER_NONNULL = YES;
				CLANG_ANALYZER_NUMBER_OBJECT_CONVERSION = YES_AGGRESSIVE;
				CLANG_CXX_LANGUAGE_STANDARD = "gnu++14";
				CLANG_CXX_LIBRARY = "libc++";
				CLANG_ENABLE_MODULES = YES;
				CLANG_ENABLE_OBJC_ARC = YES;
				CLANG_ENABLE_OBJC_WEAK = YES;
				CLANG_WARN_BLOCK_CAPTURE_AUTORELEASING = YES;
				CLANG_WARN_BOOL_CONVERSION = YES;
				CLANG_WARN_COMMA = YES;
				CLANG_WARN_CONSTANT_CONVERSION = YES;
				CLANG_WARN_DEPRECATED_OBJC_IMPLEMENTATIONS = YES;
				CLANG_WARN_DIRECT_OBJC_ISA_USAGE = YES_ERROR;
				CLANG_WARN_DOCUMENTATION_COMMENTS = YES;
				CLANG_WARN_EMPTY_BODY = YES;
				CLANG_WARN_ENUM_CONVERSION = YES;
				CLANG_WARN_INFINITE_RECURSION = YES;
				CLANG_WARN_INT_CONVERSION = YES;
				CLANG_WARN_NON_LITERAL_NULL_CONVERSION = YES;
				CLANG_WARN_OBJC_IMPLICIT_RETAIN_SELF = YES;
				CLANG_WARN_OBJC_LITERAL_CONVERSION = YES;
				CLANG_WARN_OBJC_ROOT_CLASS = YES_ERROR;
				CLANG_WARN_RANGE_LOOP_ANALYSIS = YES;
				CLANG_WARN_STRICT_PROTOTYPES = YES;
				CLANG_WARN_SUSPICIOUS_MOVE = YES;
				CLANG_WARN_UNGUARDED_AVAILABILITY = YES_AGGRESSIVE;
				CLANG_WARN_UNREACHABLE_CODE = YES;
				CLANG_WARN__DUPLICATE_METHOD_MATCH = YES;
				COPY_PHASE_STRIP = NO;
				DEBUG_INFORMATION_FORMAT = "dwarf-with-dsym";
				ENABLE_NS_ASSERTIONS = NO;
				ENABLE_STRICT_OBJC_MSGSEND = YES;
				GCC_C_LANGUAGE_STANDARD = gnu11;
				GCC_NO_COMMON_BLOCKS = YES;
				GCC_WARN_64_TO_32_BIT_CONVERSION = YES;
				GCC_WARN_ABOUT_RETURN_TYPE = YES_ERROR;
				GCC_WARN_UNDECLARED_SELECTOR = YES;
				GCC_WARN_UNINITIALIZED_AUTOS = YES_AGGRESSIVE;
				GCC_WARN_UNUSED_FUNCTION = YES;
				GCC_WARN_UNUSED_VARIABLE = YES;
				IPHONEOS_DEPLOYMENT_TARGET = 11.0;
				MTL_ENABLE_DEBUG_INFO = NO;
				MTL_FAST_MATH = YES;
				SDKROOT = iphoneos;
				SWIFT_COMPILATION_MODE = wholemodule;
				SWIFT_OPTIMIZATION_LEVEL = "-O";
				VALIDATE_PRODUCT = YES;
			};
			name = Release;
		};
		8419EAC82356163E0033B5B2 /* Debug */ = {
			isa = XCBuildConfiguration;
			baseConfigurationReference = 15D99DAB4812D76ABFFDCD1C /* Pods-GitManager.debug.xcconfig */;
			buildSettings = {
				ASSETCATALOG_COMPILER_APPICON_NAME = AppIcon;
				CODE_SIGN_STYLE = Automatic;
				DEVELOPMENT_TEAM = LBLG7J3SF4;
				INFOPLIST_FILE = GitManager/Info.plist;
				IPHONEOS_DEPLOYMENT_TARGET = 11.0;
				LD_RUNPATH_SEARCH_PATHS = (
					"$(inherited)",
					"@executable_path/Frameworks",
				);
				PRODUCT_BUNDLE_IDENTIFIER = com.AntonTekutov.GitManager;
				PRODUCT_NAME = "$(TARGET_NAME)";
				SWIFT_VERSION = 5.0;
				TARGETED_DEVICE_FAMILY = 1;
			};
			name = Debug;
		};
		8419EAC92356163E0033B5B2 /* Release */ = {
			isa = XCBuildConfiguration;
			baseConfigurationReference = 6B517910924517F8B7519667 /* Pods-GitManager.release.xcconfig */;
			buildSettings = {
				ASSETCATALOG_COMPILER_APPICON_NAME = AppIcon;
				CODE_SIGN_STYLE = Automatic;
				DEVELOPMENT_TEAM = LBLG7J3SF4;
				INFOPLIST_FILE = GitManager/Info.plist;
				IPHONEOS_DEPLOYMENT_TARGET = 11.0;
				LD_RUNPATH_SEARCH_PATHS = (
					"$(inherited)",
					"@executable_path/Frameworks",
				);
				PRODUCT_BUNDLE_IDENTIFIER = com.AntonTekutov.GitManager;
				PRODUCT_NAME = "$(TARGET_NAME)";
				SWIFT_VERSION = 5.0;
				TARGETED_DEVICE_FAMILY = 1;
			};
			name = Release;
		};
		8419EACB2356163E0033B5B2 /* Debug */ = {
			isa = XCBuildConfiguration;
			buildSettings = {
				ALWAYS_EMBED_SWIFT_STANDARD_LIBRARIES = YES;
				BUNDLE_LOADER = "$(TEST_HOST)";
				CODE_SIGN_STYLE = Automatic;
				INFOPLIST_FILE = GitManagerTests/Info.plist;
				IPHONEOS_DEPLOYMENT_TARGET = 13.1;
				LD_RUNPATH_SEARCH_PATHS = (
					"$(inherited)",
					"@executable_path/Frameworks",
					"@loader_path/Frameworks",
				);
				PRODUCT_BUNDLE_IDENTIFIER = ino.GitManagerTests;
				PRODUCT_NAME = "$(TARGET_NAME)";
				SWIFT_VERSION = 5.0;
				TARGETED_DEVICE_FAMILY = "1,2";
				TEST_HOST = "$(BUILT_PRODUCTS_DIR)/GitManager.app/GitManager";
			};
			name = Debug;
		};
		8419EACC2356163E0033B5B2 /* Release */ = {
			isa = XCBuildConfiguration;
			buildSettings = {
				ALWAYS_EMBED_SWIFT_STANDARD_LIBRARIES = YES;
				BUNDLE_LOADER = "$(TEST_HOST)";
				CODE_SIGN_STYLE = Automatic;
				INFOPLIST_FILE = GitManagerTests/Info.plist;
				IPHONEOS_DEPLOYMENT_TARGET = 13.1;
				LD_RUNPATH_SEARCH_PATHS = (
					"$(inherited)",
					"@executable_path/Frameworks",
					"@loader_path/Frameworks",
				);
				PRODUCT_BUNDLE_IDENTIFIER = ino.GitManagerTests;
				PRODUCT_NAME = "$(TARGET_NAME)";
				SWIFT_VERSION = 5.0;
				TARGETED_DEVICE_FAMILY = "1,2";
				TEST_HOST = "$(BUILT_PRODUCTS_DIR)/GitManager.app/GitManager";
			};
			name = Release;
		};
		8419EACE2356163E0033B5B2 /* Debug */ = {
			isa = XCBuildConfiguration;
			buildSettings = {
				ALWAYS_EMBED_SWIFT_STANDARD_LIBRARIES = YES;
				CODE_SIGN_STYLE = Automatic;
				INFOPLIST_FILE = GitManagerUITests/Info.plist;
				LD_RUNPATH_SEARCH_PATHS = (
					"$(inherited)",
					"@executable_path/Frameworks",
					"@loader_path/Frameworks",
				);
				PRODUCT_BUNDLE_IDENTIFIER = ino.GitManagerUITests;
				PRODUCT_NAME = "$(TARGET_NAME)";
				SWIFT_VERSION = 5.0;
				TARGETED_DEVICE_FAMILY = "1,2";
				TEST_TARGET_NAME = GitManager;
			};
			name = Debug;
		};
		8419EACF2356163E0033B5B2 /* Release */ = {
			isa = XCBuildConfiguration;
			buildSettings = {
				ALWAYS_EMBED_SWIFT_STANDARD_LIBRARIES = YES;
				CODE_SIGN_STYLE = Automatic;
				INFOPLIST_FILE = GitManagerUITests/Info.plist;
				LD_RUNPATH_SEARCH_PATHS = (
					"$(inherited)",
					"@executable_path/Frameworks",
					"@loader_path/Frameworks",
				);
				PRODUCT_BUNDLE_IDENTIFIER = ino.GitManagerUITests;
				PRODUCT_NAME = "$(TARGET_NAME)";
				SWIFT_VERSION = 5.0;
				TARGETED_DEVICE_FAMILY = "1,2";
				TEST_TARGET_NAME = GitManager;
			};
			name = Release;
		};
/* End XCBuildConfiguration section */

/* Begin XCConfigurationList section */
		8419EA982356163B0033B5B2 /* Build configuration list for PBXProject "GitManager" */ = {
			isa = XCConfigurationList;
			buildConfigurations = (
				8419EAC52356163E0033B5B2 /* Debug */,
				8419EAC62356163E0033B5B2 /* Release */,
			);
			defaultConfigurationIsVisible = 0;
			defaultConfigurationName = Release;
		};
		8419EAC72356163E0033B5B2 /* Build configuration list for PBXNativeTarget "GitManager" */ = {
			isa = XCConfigurationList;
			buildConfigurations = (
				8419EAC82356163E0033B5B2 /* Debug */,
				8419EAC92356163E0033B5B2 /* Release */,
			);
			defaultConfigurationIsVisible = 0;
			defaultConfigurationName = Release;
		};
		8419EACA2356163E0033B5B2 /* Build configuration list for PBXNativeTarget "GitManagerTests" */ = {
			isa = XCConfigurationList;
			buildConfigurations = (
				8419EACB2356163E0033B5B2 /* Debug */,
				8419EACC2356163E0033B5B2 /* Release */,
			);
			defaultConfigurationIsVisible = 0;
			defaultConfigurationName = Release;
		};
		8419EACD2356163E0033B5B2 /* Build configuration list for PBXNativeTarget "GitManagerUITests" */ = {
			isa = XCConfigurationList;
			buildConfigurations = (
				8419EACE2356163E0033B5B2 /* Debug */,
				8419EACF2356163E0033B5B2 /* Release */,
			);
			defaultConfigurationIsVisible = 0;
			defaultConfigurationName = Release;
		};
/* End XCConfigurationList section */
	};
	rootObject = 8419EA952356163B0033B5B2 /* Project object */;
}
